// !$*UTF8*$!
{
	archiveVersion = 1;
	classes = {
	};
	objectVersion = 52;
	objects = {

/* Begin PBXBuildFile section */
		CCAAF31E2656347400D79B20 /* MarkdownUI in Frameworks */ = {isa = PBXBuildFile; productRef = CCAAF31D2656347400D79B20 /* MarkdownUI */; };
		CCAAF3202656347F00D79B20 /* MarkdownUI in Frameworks */ = {isa = PBXBuildFile; productRef = CCAAF31F2656347F00D79B20 /* MarkdownUI */; };
		CCAAF3A4265646C300D79B20 /* AppleComputer.txt in Resources */ = {isa = PBXBuildFile; fileRef = CCAAF377265646C300D79B20 /* AppleComputer.txt */; };
		CCAAF3A5265646C300D79B20 /* AppleComputer.txt in Resources */ = {isa = PBXBuildFile; fileRef = CCAAF377265646C300D79B20 /* AppleComputer.txt */; };
		CCAAF3A6265646C300D79B20 /* ServiceView.swift in Sources */ = {isa = PBXBuildFile; fileRef = CCAAF378265646C300D79B20 /* ServiceView.swift */; };
		CCAAF3A7265646C300D79B20 /* ServiceView.swift in Sources */ = {isa = PBXBuildFile; fileRef = CCAAF378265646C300D79B20 /* ServiceView.swift */; };
		CCAAF3AA265646C300D79B20 /* Assets.xcassets in Resources */ = {isa = PBXBuildFile; fileRef = CCAAF379265646C300D79B20 /* Assets.xcassets */; };
		CCAAF3AB265646C300D79B20 /* Assets.xcassets in Resources */ = {isa = PBXBuildFile; fileRef = CCAAF379265646C300D79B20 /* Assets.xcassets */; };
		CCAAF3AC265646C300D79B20 /* Assets.xcassets in Resources */ = {isa = PBXBuildFile; fileRef = CCAAF379265646C300D79B20 /* Assets.xcassets */; };
		CCAAF3AD265646C300D79B20 /* Assets.xcassets in Resources */ = {isa = PBXBuildFile; fileRef = CCAAF379265646C300D79B20 /* Assets.xcassets */; };
		CCAAF3B0265646C300D79B20 /* BrowserState.swift in Sources */ = {isa = PBXBuildFile; fileRef = CCAAF37A265646C300D79B20 /* BrowserState.swift */; };
		CCAAF3B1265646C300D79B20 /* BrowserState.swift in Sources */ = {isa = PBXBuildFile; fileRef = CCAAF37A265646C300D79B20 /* BrowserState.swift */; };
		CCAAF3B4265646C300D79B20 /* DeviceView.swift in Sources */ = {isa = PBXBuildFile; fileRef = CCAAF37B265646C300D79B20 /* DeviceView.swift */; };
		CCAAF3B5265646C300D79B20 /* DeviceView.swift in Sources */ = {isa = PBXBuildFile; fileRef = CCAAF37B265646C300D79B20 /* DeviceView.swift */; };
		CCAAF3B8265646C300D79B20 /* BrowserView.swift in Sources */ = {isa = PBXBuildFile; fileRef = CCAAF37C265646C300D79B20 /* BrowserView.swift */; };
		CCAAF3B9265646C300D79B20 /* BrowserView.swift in Sources */ = {isa = PBXBuildFile; fileRef = CCAAF37C265646C300D79B20 /* BrowserView.swift */; };
		CCAAF3BA265646C300D79B20 /* ServiceState.swift in Sources */ = {isa = PBXBuildFile; fileRef = CCAAF37D265646C300D79B20 /* ServiceState.swift */; };
		CCAAF3BB265646C300D79B20 /* ServiceState.swift in Sources */ = {isa = PBXBuildFile; fileRef = CCAAF37D265646C300D79B20 /* ServiceState.swift */; };
		CCAAF3BE265646C300D79B20 /* SwiftBonjourApp.swift in Sources */ = {isa = PBXBuildFile; fileRef = CCAAF37E265646C300D79B20 /* SwiftBonjourApp.swift */; };
		CCAAF3BF265646C300D79B20 /* SwiftBonjourApp.swift in Sources */ = {isa = PBXBuildFile; fileRef = CCAAF37E265646C300D79B20 /* SwiftBonjourApp.swift */; };
		CCAAF3C0265646C300D79B20 /* SwiftBonjourApp.swift in Sources */ = {isa = PBXBuildFile; fileRef = CCAAF37E265646C300D79B20 /* SwiftBonjourApp.swift */; };
		CCAAF3C1265646C300D79B20 /* SwiftBonjourApp.swift in Sources */ = {isa = PBXBuildFile; fileRef = CCAAF37E265646C300D79B20 /* SwiftBonjourApp.swift */; };
		CCAAF3C2265646C300D79B20 /* HardwareModel.swift in Sources */ = {isa = PBXBuildFile; fileRef = CCAAF37F265646C300D79B20 /* HardwareModel.swift */; };
		CCAAF3C3265646C300D79B20 /* HardwareModel.swift in Sources */ = {isa = PBXBuildFile; fileRef = CCAAF37F265646C300D79B20 /* HardwareModel.swift */; };
		CCAAF3C4265646C300D79B20 /* HardwareModel.swift in Sources */ = {isa = PBXBuildFile; fileRef = CCAAF37F265646C300D79B20 /* HardwareModel.swift */; };
		CCAAF3C5265646C300D79B20 /* HardwareModel.swift in Sources */ = {isa = PBXBuildFile; fileRef = CCAAF37F265646C300D79B20 /* HardwareModel.swift */; };
		CCAAF3CA265646EE00D79B20 /* ServiceState.swift in Sources */ = {isa = PBXBuildFile; fileRef = CCAAF37D265646C300D79B20 /* ServiceState.swift */; };
		CCAAF3CB265646EE00D79B20 /* ServiceState.swift in Sources */ = {isa = PBXBuildFile; fileRef = CCAAF37D265646C300D79B20 /* ServiceState.swift */; };
		CCAAF3D52656473000D79B20 /* SwiftBonjour.h in Headers */ = {isa = PBXBuildFile; fileRef = CCAAF3D32656473000D79B20 /* SwiftBonjour.h */; settings = {ATTRIBUTES = (Public, ); }; };
		CCAAF3D82656473000D79B20 /* SwiftBonjour.framework in Frameworks */ = {isa = PBXBuildFile; fileRef = CCAAF3D12656473000D79B20 /* SwiftBonjour.framework */; };
		CCAAF3D92656473000D79B20 /* SwiftBonjour.framework in Embed Frameworks */ = {isa = PBXBuildFile; fileRef = CCAAF3D12656473000D79B20 /* SwiftBonjour.framework */; settings = {ATTRIBUTES = (CodeSignOnCopy, RemoveHeadersOnCopy, ); }; };
		CCAAF3DD2656474A00D79B20 /* SwiftBonjour.framework in Frameworks */ = {isa = PBXBuildFile; fileRef = CCAAF3D12656473000D79B20 /* SwiftBonjour.framework */; };
		CCAAF3DE2656474A00D79B20 /* SwiftBonjour.framework in Embed Frameworks */ = {isa = PBXBuildFile; fileRef = CCAAF3D12656473000D79B20 /* SwiftBonjour.framework */; settings = {ATTRIBUTES = (CodeSignOnCopy, RemoveHeadersOnCopy, ); }; };
		CCAAF3E12656475000D79B20 /* SwiftBonjour.framework in Frameworks */ = {isa = PBXBuildFile; fileRef = CCAAF3D12656473000D79B20 /* SwiftBonjour.framework */; };
		CCAAF3E22656475000D79B20 /* SwiftBonjour.framework in Embed Frameworks */ = {isa = PBXBuildFile; fileRef = CCAAF3D12656473000D79B20 /* SwiftBonjour.framework */; settings = {ATTRIBUTES = (CodeSignOnCopy, RemoveHeadersOnCopy, ); }; };
		CCAAF3E52656475900D79B20 /* SwiftBonjour.framework in Frameworks */ = {isa = PBXBuildFile; fileRef = CCAAF3D12656473000D79B20 /* SwiftBonjour.framework */; };
		CCAAF3E62656475900D79B20 /* SwiftBonjour.framework in Embed Frameworks */ = {isa = PBXBuildFile; fileRef = CCAAF3D12656473000D79B20 /* SwiftBonjour.framework */; settings = {ATTRIBUTES = (CodeSignOnCopy, RemoveHeadersOnCopy, ); }; };
		CCAAF3E92656476200D79B20 /* BonjourResolver.swift in Sources */ = {isa = PBXBuildFile; fileRef = CCAAF36C265646C300D79B20 /* BonjourResolver.swift */; };
		CCAAF3EA2656476200D79B20 /* BonjourServer.swift in Sources */ = {isa = PBXBuildFile; fileRef = CCAAF36F265646C300D79B20 /* BonjourServer.swift */; };
		CCAAF3EB2656476200D79B20 /* SwiftBonjour.swift in Sources */ = {isa = PBXBuildFile; fileRef = CCAAF370265646C300D79B20 /* SwiftBonjour.swift */; };
		CCAAF3EC2656476200D79B20 /* BonjourLogger.swift in Sources */ = {isa = PBXBuildFile; fileRef = CCAAF371265646C300D79B20 /* BonjourLogger.swift */; };
		CCAAF3ED2656476200D79B20 /* NetworkService+Ext.swift in Sources */ = {isa = PBXBuildFile; fileRef = CCAAF36D265646C300D79B20 /* NetworkService+Ext.swift */; };
		CCAAF3EE2656476200D79B20 /* ServiceType.swift in Sources */ = {isa = PBXBuildFile; fileRef = CCAAF36B265646C300D79B20 /* ServiceType.swift */; };
		CCAAF3EF2656476200D79B20 /* BonjourBrowser.swift in Sources */ = {isa = PBXBuildFile; fileRef = CCAAF36E265646C300D79B20 /* BonjourBrowser.swift */; };
/* End PBXBuildFile section */

/* Begin PBXContainerItemProxy section */
		CCAAF3D62656473000D79B20 /* PBXContainerItemProxy */ = {
			isa = PBXContainerItemProxy;
			containerPortal = CC0FC87F265404CD00D8BD73 /* Project object */;
			proxyType = 1;
			remoteGlobalIDString = CCAAF3D02656473000D79B20;
			remoteInfo = SwiftBonjour;
		};
		CCAAF3DF2656474A00D79B20 /* PBXContainerItemProxy */ = {
			isa = PBXContainerItemProxy;
			containerPortal = CC0FC87F265404CD00D8BD73 /* Project object */;
			proxyType = 1;
			remoteGlobalIDString = CCAAF3D02656473000D79B20;
			remoteInfo = SwiftBonjour;
		};
		CCAAF3E32656475000D79B20 /* PBXContainerItemProxy */ = {
			isa = PBXContainerItemProxy;
			containerPortal = CC0FC87F265404CD00D8BD73 /* Project object */;
			proxyType = 1;
			remoteGlobalIDString = CCAAF3D02656473000D79B20;
			remoteInfo = SwiftBonjour;
		};
		CCAAF3E72656475900D79B20 /* PBXContainerItemProxy */ = {
			isa = PBXContainerItemProxy;
			containerPortal = CC0FC87F265404CD00D8BD73 /* Project object */;
			proxyType = 1;
			remoteGlobalIDString = CCAAF3D02656473000D79B20;
			remoteInfo = SwiftBonjour;
		};
/* End PBXContainerItemProxy section */

/* Begin PBXCopyFilesBuildPhase section */
		CC0FC8E4265407AB00D8BD73 /* Embed Frameworks */ = {
			isa = PBXCopyFilesBuildPhase;
			buildActionMask = 2147483647;
			dstPath = "";
			dstSubfolderSpec = 10;
			files = (
				CCAAF3D92656473000D79B20 /* SwiftBonjour.framework in Embed Frameworks */,
			);
			name = "Embed Frameworks";
			runOnlyForDeploymentPostprocessing = 0;
		};
		CC0FC8F0265407CC00D8BD73 /* Embed Frameworks */ = {
			isa = PBXCopyFilesBuildPhase;
			buildActionMask = 2147483647;
			dstPath = "";
			dstSubfolderSpec = 10;
			files = (
				CCAAF3DE2656474A00D79B20 /* SwiftBonjour.framework in Embed Frameworks */,
			);
			name = "Embed Frameworks";
			runOnlyForDeploymentPostprocessing = 0;
		};
		CC51DFEC2654DFA1004251E3 /* Embed Frameworks */ = {
			isa = PBXCopyFilesBuildPhase;
			buildActionMask = 2147483647;
			dstPath = "";
			dstSubfolderSpec = 10;
			files = (
				CCAAF3E62656475900D79B20 /* SwiftBonjour.framework in Embed Frameworks */,
			);
			name = "Embed Frameworks";
			runOnlyForDeploymentPostprocessing = 0;
		};
		CC51E0002654DFAB004251E3 /* Embed Frameworks */ = {
			isa = PBXCopyFilesBuildPhase;
			buildActionMask = 2147483647;
			dstPath = "";
			dstSubfolderSpec = 10;
			files = (
				CCAAF3E22656475000D79B20 /* SwiftBonjour.framework in Embed Frameworks */,
			);
			name = "Embed Frameworks";
			runOnlyForDeploymentPostprocessing = 0;
		};
/* End PBXCopyFilesBuildPhase section */

/* Begin PBXFileReference section */
		CC0FC88B265404CF00D8BD73 /* SwiftBonjourExampleService.app */ = {isa = PBXFileReference; explicitFileType = wrapper.application; includeInIndex = 0; path = SwiftBonjourExampleService.app; sourceTree = BUILT_PRODUCTS_DIR; };
		CC0FC893265404D000D8BD73 /* SwiftBonjourExampleService.app */ = {isa = PBXFileReference; explicitFileType = wrapper.application; includeInIndex = 0; path = SwiftBonjourExampleService.app; sourceTree = BUILT_PRODUCTS_DIR; };
		CC51DFF12654DFA1004251E3 /* SwiftBonjourExampleBrowser.app */ = {isa = PBXFileReference; explicitFileType = wrapper.application; includeInIndex = 0; path = SwiftBonjourExampleBrowser.app; sourceTree = BUILT_PRODUCTS_DIR; };
		CC51E0052654DFAB004251E3 /* SwiftBonjourExampleBrowser.app */ = {isa = PBXFileReference; explicitFileType = wrapper.application; includeInIndex = 0; path = SwiftBonjourExampleBrowser.app; sourceTree = BUILT_PRODUCTS_DIR; };
		CCAAF36B265646C300D79B20 /* ServiceType.swift */ = {isa = PBXFileReference; fileEncoding = 4; lastKnownFileType = sourcecode.swift; path = ServiceType.swift; sourceTree = "<group>"; };
		CCAAF36C265646C300D79B20 /* BonjourResolver.swift */ = {isa = PBXFileReference; fileEncoding = 4; lastKnownFileType = sourcecode.swift; path = BonjourResolver.swift; sourceTree = "<group>"; };
		CCAAF36D265646C300D79B20 /* NetworkService+Ext.swift */ = {isa = PBXFileReference; fileEncoding = 4; lastKnownFileType = sourcecode.swift; path = "NetworkService+Ext.swift"; sourceTree = "<group>"; };
		CCAAF36E265646C300D79B20 /* BonjourBrowser.swift */ = {isa = PBXFileReference; fileEncoding = 4; lastKnownFileType = sourcecode.swift; path = BonjourBrowser.swift; sourceTree = "<group>"; };
		CCAAF36F265646C300D79B20 /* BonjourServer.swift */ = {isa = PBXFileReference; fileEncoding = 4; lastKnownFileType = sourcecode.swift; path = BonjourServer.swift; sourceTree = "<group>"; };
		CCAAF370265646C300D79B20 /* SwiftBonjour.swift */ = {isa = PBXFileReference; fileEncoding = 4; lastKnownFileType = sourcecode.swift; path = SwiftBonjour.swift; sourceTree = "<group>"; };
		CCAAF371265646C300D79B20 /* BonjourLogger.swift */ = {isa = PBXFileReference; fileEncoding = 4; lastKnownFileType = sourcecode.swift; path = BonjourLogger.swift; sourceTree = "<group>"; };
		CCAAF374265646C300D79B20 /* macOS.entitlements */ = {isa = PBXFileReference; fileEncoding = 4; lastKnownFileType = text.plist.entitlements; path = macOS.entitlements; sourceTree = "<group>"; };
		CCAAF375265646C300D79B20 /* Info.plist */ = {isa = PBXFileReference; fileEncoding = 4; lastKnownFileType = text.plist.xml; path = Info.plist; sourceTree = "<group>"; };
		CCAAF377265646C300D79B20 /* AppleComputer.txt */ = {isa = PBXFileReference; fileEncoding = 4; lastKnownFileType = text; path = AppleComputer.txt; sourceTree = "<group>"; };
		CCAAF378265646C300D79B20 /* ServiceView.swift */ = {isa = PBXFileReference; fileEncoding = 4; lastKnownFileType = sourcecode.swift; path = ServiceView.swift; sourceTree = "<group>"; };
		CCAAF379265646C300D79B20 /* Assets.xcassets */ = {isa = PBXFileReference; lastKnownFileType = folder.assetcatalog; path = Assets.xcassets; sourceTree = "<group>"; };
		CCAAF37A265646C300D79B20 /* BrowserState.swift */ = {isa = PBXFileReference; fileEncoding = 4; lastKnownFileType = sourcecode.swift; path = BrowserState.swift; sourceTree = "<group>"; };
		CCAAF37B265646C300D79B20 /* DeviceView.swift */ = {isa = PBXFileReference; fileEncoding = 4; lastKnownFileType = sourcecode.swift; path = DeviceView.swift; sourceTree = "<group>"; };
		CCAAF37C265646C300D79B20 /* BrowserView.swift */ = {isa = PBXFileReference; fileEncoding = 4; lastKnownFileType = sourcecode.swift; path = BrowserView.swift; sourceTree = "<group>"; };
		CCAAF37D265646C300D79B20 /* ServiceState.swift */ = {isa = PBXFileReference; fileEncoding = 4; lastKnownFileType = sourcecode.swift; path = ServiceState.swift; sourceTree = "<group>"; };
		CCAAF37E265646C300D79B20 /* SwiftBonjourApp.swift */ = {isa = PBXFileReference; fileEncoding = 4; lastKnownFileType = sourcecode.swift; path = SwiftBonjourApp.swift; sourceTree = "<group>"; };
		CCAAF37F265646C300D79B20 /* HardwareModel.swift */ = {isa = PBXFileReference; fileEncoding = 4; lastKnownFileType = sourcecode.swift; path = HardwareModel.swift; sourceTree = "<group>"; };
		CCAAF381265646C300D79B20 /* Info.plist */ = {isa = PBXFileReference; fileEncoding = 4; lastKnownFileType = text.plist.xml; path = Info.plist; sourceTree = "<group>"; };
		CCAAF3D12656473000D79B20 /* SwiftBonjour.framework */ = {isa = PBXFileReference; explicitFileType = wrapper.framework; includeInIndex = 0; path = SwiftBonjour.framework; sourceTree = BUILT_PRODUCTS_DIR; };
		CCAAF3D32656473000D79B20 /* SwiftBonjour.h */ = {isa = PBXFileReference; lastKnownFileType = sourcecode.c.h; path = SwiftBonjour.h; sourceTree = "<group>"; };
		CCAAF3D42656473000D79B20 /* Info.plist */ = {isa = PBXFileReference; lastKnownFileType = text.plist.xml; path = Info.plist; sourceTree = "<group>"; };
/* End PBXFileReference section */

/* Begin PBXFrameworksBuildPhase section */
		CC0FC888265404CF00D8BD73 /* Frameworks */ = {
			isa = PBXFrameworksBuildPhase;
			buildActionMask = 2147483647;
			files = (
				CCAAF3DD2656474A00D79B20 /* SwiftBonjour.framework in Frameworks */,
			);
			runOnlyForDeploymentPostprocessing = 0;
		};
		CC0FC890265404D000D8BD73 /* Frameworks */ = {
			isa = PBXFrameworksBuildPhase;
			buildActionMask = 2147483647;
			files = (
				CCAAF3D82656473000D79B20 /* SwiftBonjour.framework in Frameworks */,
			);
			runOnlyForDeploymentPostprocessing = 0;
		};
		CC51DFE72654DFA1004251E3 /* Frameworks */ = {
			isa = PBXFrameworksBuildPhase;
			buildActionMask = 2147483647;
			files = (
				CCAAF3E52656475900D79B20 /* SwiftBonjour.framework in Frameworks */,
				CCAAF31E2656347400D79B20 /* MarkdownUI in Frameworks */,
			);
			runOnlyForDeploymentPostprocessing = 0;
		};
		CC51DFFB2654DFAB004251E3 /* Frameworks */ = {
			isa = PBXFrameworksBuildPhase;
			buildActionMask = 2147483647;
			files = (
				CCAAF3E12656475000D79B20 /* SwiftBonjour.framework in Frameworks */,
				CCAAF3202656347F00D79B20 /* MarkdownUI in Frameworks */,
			);
			runOnlyForDeploymentPostprocessing = 0;
		};
		CCAAF3CE2656473000D79B20 /* Frameworks */ = {
			isa = PBXFrameworksBuildPhase;
			buildActionMask = 2147483647;
			files = (
			);
			runOnlyForDeploymentPostprocessing = 0;
		};
/* End PBXFrameworksBuildPhase section */

/* Begin PBXGroup section */
		CC0FC87E265404CD00D8BD73 = {
			isa = PBXGroup;
			children = (
				CCAAF372265646C300D79B20 /* Example */,
				CCAAF369265646C300D79B20 /* Sources */,
				CC0FC88C265404CF00D8BD73 /* Products */,
				CC0FC8EB265407CB00D8BD73 /* Frameworks */,
			);
			sourceTree = "<group>";
		};
		CC0FC88C265404CF00D8BD73 /* Products */ = {
			isa = PBXGroup;
			children = (
				CC0FC88B265404CF00D8BD73 /* SwiftBonjourExampleService.app */,
				CC0FC893265404D000D8BD73 /* SwiftBonjourExampleService.app */,
				CC51DFF12654DFA1004251E3 /* SwiftBonjourExampleBrowser.app */,
				CC51E0052654DFAB004251E3 /* SwiftBonjourExampleBrowser.app */,
				CCAAF3D12656473000D79B20 /* SwiftBonjour.framework */,
			);
			name = Products;
			sourceTree = "<group>";
		};
		CC0FC8EB265407CB00D8BD73 /* Frameworks */ = {
			isa = PBXGroup;
			children = (
			);
			name = Frameworks;
			sourceTree = "<group>";
		};
		CCAAF369265646C300D79B20 /* Sources */ = {
			isa = PBXGroup;
			children = (
				CCAAF36A265646C300D79B20 /* SwiftBonjour */,
			);
			path = Sources;
			sourceTree = "<group>";
		};
		CCAAF36A265646C300D79B20 /* SwiftBonjour */ = {
			isa = PBXGroup;
			children = (
				CCAAF36B265646C300D79B20 /* ServiceType.swift */,
				CCAAF36C265646C300D79B20 /* BonjourResolver.swift */,
				CCAAF36D265646C300D79B20 /* NetworkService+Ext.swift */,
				CCAAF36E265646C300D79B20 /* BonjourBrowser.swift */,
				CCAAF36F265646C300D79B20 /* BonjourServer.swift */,
				CCAAF370265646C300D79B20 /* SwiftBonjour.swift */,
				CCAAF371265646C300D79B20 /* BonjourLogger.swift */,
			);
			path = SwiftBonjour;
			sourceTree = "<group>";
		};
		CCAAF372265646C300D79B20 /* Example */ = {
			isa = PBXGroup;
			children = (
				CCAAF3D22656473000D79B20 /* SwiftBonjour */,
				CCAAF376265646C300D79B20 /* Shared */,
				CCAAF373265646C300D79B20 /* macOS */,
				CCAAF380265646C300D79B20 /* iOS */,
			);
			path = Example;
			sourceTree = "<group>";
		};
		CCAAF373265646C300D79B20 /* macOS */ = {
			isa = PBXGroup;
			children = (
				CCAAF374265646C300D79B20 /* macOS.entitlements */,
				CCAAF375265646C300D79B20 /* Info.plist */,
			);
			path = macOS;
			sourceTree = "<group>";
		};
		CCAAF376265646C300D79B20 /* Shared */ = {
			isa = PBXGroup;
			children = (
				CCAAF379265646C300D79B20 /* Assets.xcassets */,
				CCAAF377265646C300D79B20 /* AppleComputer.txt */,
				CCAAF37D265646C300D79B20 /* ServiceState.swift */,
				CCAAF378265646C300D79B20 /* ServiceView.swift */,
				CCAAF37A265646C300D79B20 /* BrowserState.swift */,
				CCAAF37C265646C300D79B20 /* BrowserView.swift */,
				CCAAF37B265646C300D79B20 /* DeviceView.swift */,
				CCAAF37F265646C300D79B20 /* HardwareModel.swift */,
				CCAAF37E265646C300D79B20 /* SwiftBonjourApp.swift */,
			);
			path = Shared;
			sourceTree = "<group>";
		};
		CCAAF380265646C300D79B20 /* iOS */ = {
			isa = PBXGroup;
			children = (
				CCAAF381265646C300D79B20 /* Info.plist */,
			);
			path = iOS;
			sourceTree = "<group>";
		};
		CCAAF3D22656473000D79B20 /* SwiftBonjour */ = {
			isa = PBXGroup;
			children = (
				CCAAF3D32656473000D79B20 /* SwiftBonjour.h */,
				CCAAF3D42656473000D79B20 /* Info.plist */,
			);
			path = SwiftBonjour;
			sourceTree = "<group>";
		};
/* End PBXGroup section */

/* Begin PBXHeadersBuildPhase section */
		CCAAF3CC2656473000D79B20 /* Headers */ = {
			isa = PBXHeadersBuildPhase;
			buildActionMask = 2147483647;
			files = (
				CCAAF3D52656473000D79B20 /* SwiftBonjour.h in Headers */,
			);
			runOnlyForDeploymentPostprocessing = 0;
		};
/* End PBXHeadersBuildPhase section */

/* Begin PBXNativeTarget section */
		CC0FC88A265404CF00D8BD73 /* SwiftBonjourExample Service (iOS) */ = {
			isa = PBXNativeTarget;
			buildConfigurationList = CC0FC8B5265404D000D8BD73 /* Build configuration list for PBXNativeTarget "SwiftBonjourExample Service (iOS)" */;
			buildPhases = (
				CC0FC887265404CF00D8BD73 /* Sources */,
				CC0FC888265404CF00D8BD73 /* Frameworks */,
				CC0FC889265404CF00D8BD73 /* Resources */,
				CC0FC8F0265407CC00D8BD73 /* Embed Frameworks */,
			);
			buildRules = (
			);
			dependencies = (
				CCAAF3E02656474A00D79B20 /* PBXTargetDependency */,
			);
			name = "SwiftBonjourExample Service (iOS)";
			packageProductDependencies = (
			);
			productName = "SwiftBonjour (iOS)";
			productReference = CC0FC88B265404CF00D8BD73 /* SwiftBonjourExampleService.app */;
			productType = "com.apple.product-type.application";
		};
		CC0FC892265404D000D8BD73 /* SwiftBonjourExample Service (macOS) */ = {
			isa = PBXNativeTarget;
			buildConfigurationList = CC0FC8B8265404D000D8BD73 /* Build configuration list for PBXNativeTarget "SwiftBonjourExample Service (macOS)" */;
			buildPhases = (
				CC0FC88F265404D000D8BD73 /* Sources */,
				CC0FC890265404D000D8BD73 /* Frameworks */,
				CC0FC891265404D000D8BD73 /* Resources */,
				CC0FC8E4265407AB00D8BD73 /* Embed Frameworks */,
			);
			buildRules = (
			);
			dependencies = (
				CCAAF3D72656473000D79B20 /* PBXTargetDependency */,
			);
			name = "SwiftBonjourExample Service (macOS)";
			packageProductDependencies = (
			);
			productName = "SwiftBonjour (macOS)";
			productReference = CC0FC893265404D000D8BD73 /* SwiftBonjourExampleService.app */;
			productType = "com.apple.product-type.application";
		};
		CC51DFDF2654DFA1004251E3 /* SwiftBonjourExample Browser (iOS) */ = {
			isa = PBXNativeTarget;
			buildConfigurationList = CC51DFEE2654DFA1004251E3 /* Build configuration list for PBXNativeTarget "SwiftBonjourExample Browser (iOS)" */;
			buildPhases = (
				CC51DFE22654DFA1004251E3 /* Sources */,
				CC51DFE72654DFA1004251E3 /* Frameworks */,
				CC51DFE92654DFA1004251E3 /* Resources */,
				CC51DFEC2654DFA1004251E3 /* Embed Frameworks */,
			);
			buildRules = (
			);
			dependencies = (
				CCAAF3E82656475900D79B20 /* PBXTargetDependency */,
			);
			name = "SwiftBonjourExample Browser (iOS)";
			packageProductDependencies = (
				CCAAF31D2656347400D79B20 /* MarkdownUI */,
			);
			productName = "SwiftBonjour (iOS)";
			productReference = CC51DFF12654DFA1004251E3 /* SwiftBonjourExampleBrowser.app */;
			productType = "com.apple.product-type.application";
		};
		CC51DFF32654DFAB004251E3 /* SwiftBonjourExample Browser (macOS) */ = {
			isa = PBXNativeTarget;
			buildConfigurationList = CC51E0022654DFAB004251E3 /* Build configuration list for PBXNativeTarget "SwiftBonjourExample Browser (macOS)" */;
			buildPhases = (
				CC51DFF62654DFAB004251E3 /* Sources */,
				CC51DFFB2654DFAB004251E3 /* Frameworks */,
				CC51DFFD2654DFAB004251E3 /* Resources */,
				CC51E0002654DFAB004251E3 /* Embed Frameworks */,
			);
			buildRules = (
			);
			dependencies = (
				CCAAF3E42656475000D79B20 /* PBXTargetDependency */,
			);
			name = "SwiftBonjourExample Browser (macOS)";
			packageProductDependencies = (
				CCAAF31F2656347F00D79B20 /* MarkdownUI */,
			);
			productName = "SwiftBonjour (macOS)";
			productReference = CC51E0052654DFAB004251E3 /* SwiftBonjourExampleBrowser.app */;
			productType = "com.apple.product-type.application";
		};
		CCAAF3D02656473000D79B20 /* SwiftBonjour */ = {
			isa = PBXNativeTarget;
			buildConfigurationList = CCAAF3DA2656473000D79B20 /* Build configuration list for PBXNativeTarget "SwiftBonjour" */;
			buildPhases = (
				CCAAF3CC2656473000D79B20 /* Headers */,
				CCAAF3CD2656473000D79B20 /* Sources */,
				CCAAF3CE2656473000D79B20 /* Frameworks */,
				CCAAF3CF2656473000D79B20 /* Resources */,
			);
			buildRules = (
			);
			dependencies = (
			);
			name = SwiftBonjour;
			productName = SwiftBonjour;
			productReference = CCAAF3D12656473000D79B20 /* SwiftBonjour.framework */;
			productType = "com.apple.product-type.framework";
		};
/* End PBXNativeTarget section */

/* Begin PBXProject section */
		CC0FC87F265404CD00D8BD73 /* Project object */ = {
			isa = PBXProject;
			attributes = {
				LastSwiftUpdateCheck = 1250;
				LastUpgradeCheck = 1310;
				TargetAttributes = {
					CC0FC88A265404CF00D8BD73 = {
						CreatedOnToolsVersion = 12.5;
					};
					CC0FC892265404D000D8BD73 = {
						CreatedOnToolsVersion = 12.5;
					};
					CCAAF3D02656473000D79B20 = {
						CreatedOnToolsVersion = 12.5;
					};
				};
			};
			buildConfigurationList = CC0FC882265404CD00D8BD73 /* Build configuration list for PBXProject "SwiftBonjourExample" */;
			compatibilityVersion = "Xcode 9.3";
			developmentRegion = en;
			hasScannedForEncodings = 0;
			knownRegions = (
				en,
				Base,
			);
			mainGroup = CC0FC87E265404CD00D8BD73;
			packageReferences = (
				CCAAF31C2656347400D79B20 /* XCRemoteSwiftPackageReference "MarkdownUI" */,
			);
			productRefGroup = CC0FC88C265404CF00D8BD73 /* Products */;
			projectDirPath = "";
			projectRoot = "";
			targets = (
				CC0FC892265404D000D8BD73 /* SwiftBonjourExample Service (macOS) */,
				CC0FC88A265404CF00D8BD73 /* SwiftBonjourExample Service (iOS) */,
				CC51DFF32654DFAB004251E3 /* SwiftBonjourExample Browser (macOS) */,
				CC51DFDF2654DFA1004251E3 /* SwiftBonjourExample Browser (iOS) */,
				CCAAF3D02656473000D79B20 /* SwiftBonjour */,
			);
		};
/* End PBXProject section */

/* Begin PBXResourcesBuildPhase section */
		CC0FC889265404CF00D8BD73 /* Resources */ = {
			isa = PBXResourcesBuildPhase;
			buildActionMask = 2147483647;
			files = (
				CCAAF3AB265646C300D79B20 /* Assets.xcassets in Resources */,
			);
			runOnlyForDeploymentPostprocessing = 0;
		};
		CC0FC891265404D000D8BD73 /* Resources */ = {
			isa = PBXResourcesBuildPhase;
			buildActionMask = 2147483647;
			files = (
				CCAAF3AA265646C300D79B20 /* Assets.xcassets in Resources */,
			);
			runOnlyForDeploymentPostprocessing = 0;
		};
		CC51DFE92654DFA1004251E3 /* Resources */ = {
			isa = PBXResourcesBuildPhase;
			buildActionMask = 2147483647;
			files = (
				CCAAF3A5265646C300D79B20 /* AppleComputer.txt in Resources */,
				CCAAF3AD265646C300D79B20 /* Assets.xcassets in Resources */,
			);
			runOnlyForDeploymentPostprocessing = 0;
		};
		CC51DFFD2654DFAB004251E3 /* Resources */ = {
			isa = PBXResourcesBuildPhase;
			buildActionMask = 2147483647;
			files = (
				CCAAF3A4265646C300D79B20 /* AppleComputer.txt in Resources */,
				CCAAF3AC265646C300D79B20 /* Assets.xcassets in Resources */,
			);
			runOnlyForDeploymentPostprocessing = 0;
		};
		CCAAF3CF2656473000D79B20 /* Resources */ = {
			isa = PBXResourcesBuildPhase;
			buildActionMask = 2147483647;
			files = (
			);
			runOnlyForDeploymentPostprocessing = 0;
		};
/* End PBXResourcesBuildPhase section */

/* Begin PBXSourcesBuildPhase section */
		CC0FC887265404CF00D8BD73 /* Sources */ = {
			isa = PBXSourcesBuildPhase;
			buildActionMask = 2147483647;
			files = (
				CCAAF3A7265646C300D79B20 /* ServiceView.swift in Sources */,
				CCAAF3BF265646C300D79B20 /* SwiftBonjourApp.swift in Sources */,
				CCAAF3BB265646C300D79B20 /* ServiceState.swift in Sources */,
				CCAAF3C3265646C300D79B20 /* HardwareModel.swift in Sources */,
			);
			runOnlyForDeploymentPostprocessing = 0;
		};
		CC0FC88F265404D000D8BD73 /* Sources */ = {
			isa = PBXSourcesBuildPhase;
			buildActionMask = 2147483647;
			files = (
				CCAAF3A6265646C300D79B20 /* ServiceView.swift in Sources */,
				CCAAF3BE265646C300D79B20 /* SwiftBonjourApp.swift in Sources */,
				CCAAF3BA265646C300D79B20 /* ServiceState.swift in Sources */,
				CCAAF3C2265646C300D79B20 /* HardwareModel.swift in Sources */,
			);
			runOnlyForDeploymentPostprocessing = 0;
		};
		CC51DFE22654DFA1004251E3 /* Sources */ = {
			isa = PBXSourcesBuildPhase;
			buildActionMask = 2147483647;
			files = (
				CCAAF3B5265646C300D79B20 /* DeviceView.swift in Sources */,
				CCAAF3B9265646C300D79B20 /* BrowserView.swift in Sources */,
				CCAAF3B1265646C300D79B20 /* BrowserState.swift in Sources */,
				CCAAF3C1265646C300D79B20 /* SwiftBonjourApp.swift in Sources */,
				CCAAF3C5265646C300D79B20 /* HardwareModel.swift in Sources */,
				CCAAF3CB265646EE00D79B20 /* ServiceState.swift in Sources */,
			);
			runOnlyForDeploymentPostprocessing = 0;
		};
		CC51DFF62654DFAB004251E3 /* Sources */ = {
			isa = PBXSourcesBuildPhase;
			buildActionMask = 2147483647;
			files = (
				CCAAF3B4265646C300D79B20 /* DeviceView.swift in Sources */,
				CCAAF3B8265646C300D79B20 /* BrowserView.swift in Sources */,
				CCAAF3B0265646C300D79B20 /* BrowserState.swift in Sources */,
				CCAAF3C0265646C300D79B20 /* SwiftBonjourApp.swift in Sources */,
				CCAAF3C4265646C300D79B20 /* HardwareModel.swift in Sources */,
				CCAAF3CA265646EE00D79B20 /* ServiceState.swift in Sources */,
			);
			runOnlyForDeploymentPostprocessing = 0;
		};
		CCAAF3CD2656473000D79B20 /* Sources */ = {
			isa = PBXSourcesBuildPhase;
			buildActionMask = 2147483647;
			files = (
				CCAAF3EA2656476200D79B20 /* BonjourServer.swift in Sources */,
				CCAAF3EF2656476200D79B20 /* BonjourBrowser.swift in Sources */,
				CCAAF3ED2656476200D79B20 /* NetworkService+Ext.swift in Sources */,
				CCAAF3EC2656476200D79B20 /* BonjourLogger.swift in Sources */,
				CCAAF3E92656476200D79B20 /* BonjourResolver.swift in Sources */,
				CCAAF3EB2656476200D79B20 /* SwiftBonjour.swift in Sources */,
				CCAAF3EE2656476200D79B20 /* ServiceType.swift in Sources */,
			);
			runOnlyForDeploymentPostprocessing = 0;
		};
/* End PBXSourcesBuildPhase section */

/* Begin PBXTargetDependency section */
		CCAAF3D72656473000D79B20 /* PBXTargetDependency */ = {
			isa = PBXTargetDependency;
			target = CCAAF3D02656473000D79B20 /* SwiftBonjour */;
			targetProxy = CCAAF3D62656473000D79B20 /* PBXContainerItemProxy */;
		};
		CCAAF3E02656474A00D79B20 /* PBXTargetDependency */ = {
			isa = PBXTargetDependency;
			target = CCAAF3D02656473000D79B20 /* SwiftBonjour */;
			targetProxy = CCAAF3DF2656474A00D79B20 /* PBXContainerItemProxy */;
		};
		CCAAF3E42656475000D79B20 /* PBXTargetDependency */ = {
			isa = PBXTargetDependency;
			target = CCAAF3D02656473000D79B20 /* SwiftBonjour */;
			targetProxy = CCAAF3E32656475000D79B20 /* PBXContainerItemProxy */;
		};
		CCAAF3E82656475900D79B20 /* PBXTargetDependency */ = {
			isa = PBXTargetDependency;
			target = CCAAF3D02656473000D79B20 /* SwiftBonjour */;
			targetProxy = CCAAF3E72656475900D79B20 /* PBXContainerItemProxy */;
		};
/* End PBXTargetDependency section */

/* Begin XCBuildConfiguration section */
		CC0FC8B3265404D000D8BD73 /* Debug */ = {
			isa = XCBuildConfiguration;
			buildSettings = {
				ALWAYS_SEARCH_USER_PATHS = NO;
				CLANG_ANALYZER_NONNULL = YES;
				CLANG_ANALYZER_NUMBER_OBJECT_CONVERSION = YES_AGGRESSIVE;
				CLANG_CXX_LANGUAGE_STANDARD = "gnu++14";
				CLANG_CXX_LIBRARY = "libc++";
				CLANG_ENABLE_MODULES = YES;
				CLANG_ENABLE_OBJC_ARC = YES;
				CLANG_ENABLE_OBJC_WEAK = YES;
				CLANG_WARN_BLOCK_CAPTURE_AUTORELEASING = YES;
				CLANG_WARN_BOOL_CONVERSION = YES;
				CLANG_WARN_COMMA = YES;
				CLANG_WARN_CONSTANT_CONVERSION = YES;
				CLANG_WARN_DEPRECATED_OBJC_IMPLEMENTATIONS = YES;
				CLANG_WARN_DIRECT_OBJC_ISA_USAGE = YES_ERROR;
				CLANG_WARN_DOCUMENTATION_COMMENTS = YES;
				CLANG_WARN_EMPTY_BODY = YES;
				CLANG_WARN_ENUM_CONVERSION = YES;
				CLANG_WARN_INFINITE_RECURSION = YES;
				CLANG_WARN_INT_CONVERSION = YES;
				CLANG_WARN_NON_LITERAL_NULL_CONVERSION = YES;
				CLANG_WARN_OBJC_IMPLICIT_RETAIN_SELF = YES;
				CLANG_WARN_OBJC_LITERAL_CONVERSION = YES;
				CLANG_WARN_OBJC_ROOT_CLASS = YES_ERROR;
				CLANG_WARN_QUOTED_INCLUDE_IN_FRAMEWORK_HEADER = YES;
				CLANG_WARN_RANGE_LOOP_ANALYSIS = YES;
				CLANG_WARN_STRICT_PROTOTYPES = YES;
				CLANG_WARN_SUSPICIOUS_MOVE = YES;
				CLANG_WARN_UNGUARDED_AVAILABILITY = YES_AGGRESSIVE;
				CLANG_WARN_UNREACHABLE_CODE = YES;
				CLANG_WARN__DUPLICATE_METHOD_MATCH = YES;
				COPY_PHASE_STRIP = NO;
				DEBUG_INFORMATION_FORMAT = dwarf;
				ENABLE_STRICT_OBJC_MSGSEND = YES;
				ENABLE_TESTABILITY = YES;
				GCC_C_LANGUAGE_STANDARD = gnu11;
				GCC_DYNAMIC_NO_PIC = NO;
				GCC_NO_COMMON_BLOCKS = YES;
				GCC_OPTIMIZATION_LEVEL = 0;
				GCC_PREPROCESSOR_DEFINITIONS = (
					"DEBUG=1",
					"$(inherited)",
				);
				GCC_WARN_64_TO_32_BIT_CONVERSION = YES;
				GCC_WARN_ABOUT_RETURN_TYPE = YES_ERROR;
				GCC_WARN_UNDECLARED_SELECTOR = YES;
				GCC_WARN_UNINITIALIZED_AUTOS = YES_AGGRESSIVE;
				GCC_WARN_UNUSED_FUNCTION = YES;
				GCC_WARN_UNUSED_VARIABLE = YES;
				IPHONEOS_DEPLOYMENT_TARGET = 14.1;
				MACOSX_DEPLOYMENT_TARGET = 11.0;
				MTL_ENABLE_DEBUG_INFO = INCLUDE_SOURCE;
				MTL_FAST_MATH = YES;
				ONLY_ACTIVE_ARCH = YES;
				SWIFT_ACTIVE_COMPILATION_CONDITIONS = DEBUG;
				SWIFT_OPTIMIZATION_LEVEL = "-Onone";
				TARGETED_DEVICE_FAMILY = "1,2,3,4,5,6";
				TVOS_DEPLOYMENT_TARGET = 14.1;
				WATCHOS_DEPLOYMENT_TARGET = 7.1;
			};
			name = Debug;
		};
		CC0FC8B4265404D000D8BD73 /* Release */ = {
			isa = XCBuildConfiguration;
			buildSettings = {
				ALWAYS_SEARCH_USER_PATHS = NO;
				CLANG_ANALYZER_NONNULL = YES;
				CLANG_ANALYZER_NUMBER_OBJECT_CONVERSION = YES_AGGRESSIVE;
				CLANG_CXX_LANGUAGE_STANDARD = "gnu++14";
				CLANG_CXX_LIBRARY = "libc++";
				CLANG_ENABLE_MODULES = YES;
				CLANG_ENABLE_OBJC_ARC = YES;
				CLANG_ENABLE_OBJC_WEAK = YES;
				CLANG_WARN_BLOCK_CAPTURE_AUTORELEASING = YES;
				CLANG_WARN_BOOL_CONVERSION = YES;
				CLANG_WARN_COMMA = YES;
				CLANG_WARN_CONSTANT_CONVERSION = YES;
				CLANG_WARN_DEPRECATED_OBJC_IMPLEMENTATIONS = YES;
				CLANG_WARN_DIRECT_OBJC_ISA_USAGE = YES_ERROR;
				CLANG_WARN_DOCUMENTATION_COMMENTS = YES;
				CLANG_WARN_EMPTY_BODY = YES;
				CLANG_WARN_ENUM_CONVERSION = YES;
				CLANG_WARN_INFINITE_RECURSION = YES;
				CLANG_WARN_INT_CONVERSION = YES;
				CLANG_WARN_NON_LITERAL_NULL_CONVERSION = YES;
				CLANG_WARN_OBJC_IMPLICIT_RETAIN_SELF = YES;
				CLANG_WARN_OBJC_LITERAL_CONVERSION = YES;
				CLANG_WARN_OBJC_ROOT_CLASS = YES_ERROR;
				CLANG_WARN_QUOTED_INCLUDE_IN_FRAMEWORK_HEADER = YES;
				CLANG_WARN_RANGE_LOOP_ANALYSIS = YES;
				CLANG_WARN_STRICT_PROTOTYPES = YES;
				CLANG_WARN_SUSPICIOUS_MOVE = YES;
				CLANG_WARN_UNGUARDED_AVAILABILITY = YES_AGGRESSIVE;
				CLANG_WARN_UNREACHABLE_CODE = YES;
				CLANG_WARN__DUPLICATE_METHOD_MATCH = YES;
				COPY_PHASE_STRIP = NO;
				DEBUG_INFORMATION_FORMAT = "dwarf-with-dsym";
				ENABLE_NS_ASSERTIONS = NO;
				ENABLE_STRICT_OBJC_MSGSEND = YES;
				GCC_C_LANGUAGE_STANDARD = gnu11;
				GCC_NO_COMMON_BLOCKS = YES;
				GCC_WARN_64_TO_32_BIT_CONVERSION = YES;
				GCC_WARN_ABOUT_RETURN_TYPE = YES_ERROR;
				GCC_WARN_UNDECLARED_SELECTOR = YES;
				GCC_WARN_UNINITIALIZED_AUTOS = YES_AGGRESSIVE;
				GCC_WARN_UNUSED_FUNCTION = YES;
				GCC_WARN_UNUSED_VARIABLE = YES;
				IPHONEOS_DEPLOYMENT_TARGET = 14.1;
				MACOSX_DEPLOYMENT_TARGET = 11.0;
				MTL_ENABLE_DEBUG_INFO = NO;
				MTL_FAST_MATH = YES;
				SWIFT_COMPILATION_MODE = wholemodule;
				SWIFT_OPTIMIZATION_LEVEL = "-O";
				TARGETED_DEVICE_FAMILY = "1,2,3,4,5,6";
				TVOS_DEPLOYMENT_TARGET = 14.1;
				WATCHOS_DEPLOYMENT_TARGET = 7.1;
			};
			name = Release;
		};
		CC0FC8B6265404D000D8BD73 /* Debug */ = {
			isa = XCBuildConfiguration;
			buildSettings = {
				ALWAYS_EMBED_SWIFT_STANDARD_LIBRARIES = YES;
				ASSETCATALOG_COMPILER_APPICON_NAME = AppIcon;
				ASSETCATALOG_COMPILER_GLOBAL_ACCENT_COLOR_NAME = AccentColor;
				CODE_SIGN_STYLE = Automatic;
				DEVELOPMENT_TEAM = GXZ23M5TP2;
				ENABLE_PREVIEWS = YES;
				GCC_PREPROCESSOR_DEFINITIONS = (
					"$(inherited)",
					"SERVICE=1",
				);
				INFOPLIST_FILE = Example/iOS/Info.plist;
				LD_RUNPATH_SEARCH_PATHS = (
					"$(inherited)",
					"@executable_path/Frameworks",
				);
				PRODUCT_BUNDLE_IDENTIFIER = com.darwindev.SwiftBonjour.Service;
				PRODUCT_NAME = SwiftBonjourExampleService;
				SDKROOT = iphoneos;
				SWIFT_ACTIVE_COMPILATION_CONDITIONS = "DEBUG SERVICE";
				SWIFT_VERSION = 5.0;
				TARGETED_DEVICE_FAMILY = "1,2";
			};
			name = Debug;
		};
		CC0FC8B7265404D000D8BD73 /* Release */ = {
			isa = XCBuildConfiguration;
			buildSettings = {
				ALWAYS_EMBED_SWIFT_STANDARD_LIBRARIES = YES;
				ASSETCATALOG_COMPILER_APPICON_NAME = AppIcon;
				ASSETCATALOG_COMPILER_GLOBAL_ACCENT_COLOR_NAME = AccentColor;
				CODE_SIGN_STYLE = Automatic;
				DEVELOPMENT_TEAM = GXZ23M5TP2;
				ENABLE_PREVIEWS = YES;
				GCC_PREPROCESSOR_DEFINITIONS = "SERVICE=1";
				INFOPLIST_FILE = Example/iOS/Info.plist;
				LD_RUNPATH_SEARCH_PATHS = (
					"$(inherited)",
					"@executable_path/Frameworks",
				);
				PRODUCT_BUNDLE_IDENTIFIER = com.darwindev.SwiftBonjour.Service;
				PRODUCT_NAME = SwiftBonjourExampleService;
				SDKROOT = iphoneos;
				SWIFT_ACTIVE_COMPILATION_CONDITIONS = SERVICE;
				SWIFT_VERSION = 5.0;
				TARGETED_DEVICE_FAMILY = "1,2";
				VALIDATE_PRODUCT = YES;
			};
			name = Release;
		};
		CC0FC8B9265404D000D8BD73 /* Debug */ = {
			isa = XCBuildConfiguration;
			buildSettings = {
				ALWAYS_EMBED_SWIFT_STANDARD_LIBRARIES = YES;
				ASSETCATALOG_COMPILER_APPICON_NAME = AppIcon;
				ASSETCATALOG_COMPILER_GLOBAL_ACCENT_COLOR_NAME = AccentColor;
				CODE_SIGN_ENTITLEMENTS = Example/macOS/macOS.entitlements;
				CODE_SIGN_IDENTITY = "Apple Development";
				CODE_SIGN_STYLE = Automatic;
				COMBINE_HIDPI_IMAGES = YES;
				DEVELOPMENT_TEAM = GXZ23M5TP2;
				ENABLE_HARDENED_RUNTIME = YES;
				ENABLE_PREVIEWS = YES;
				GCC_PREPROCESSOR_DEFINITIONS = (
					"$(inherited)",
					"SERVICE=1",
				);
				INFOPLIST_FILE = Example/macOS/Info.plist;
				LD_RUNPATH_SEARCH_PATHS = (
					"$(inherited)",
					"@executable_path/../Frameworks",
				);
				PRODUCT_BUNDLE_IDENTIFIER = com.darwindev.SwiftBonjour.Service;
				PRODUCT_NAME = SwiftBonjourExampleService;
				SDKROOT = macosx;
				SWIFT_ACTIVE_COMPILATION_CONDITIONS = "DEBUG SERVICE";
				SWIFT_VERSION = 5.0;
				TARGETED_DEVICE_FAMILY = 6;
			};
			name = Debug;
		};
		CC0FC8BA265404D000D8BD73 /* Release */ = {
			isa = XCBuildConfiguration;
			buildSettings = {
				ALWAYS_EMBED_SWIFT_STANDARD_LIBRARIES = YES;
				ASSETCATALOG_COMPILER_APPICON_NAME = AppIcon;
				ASSETCATALOG_COMPILER_GLOBAL_ACCENT_COLOR_NAME = AccentColor;
				CODE_SIGN_ENTITLEMENTS = Example/macOS/macOS.entitlements;
				CODE_SIGN_IDENTITY = "Apple Development";
				CODE_SIGN_STYLE = Automatic;
				COMBINE_HIDPI_IMAGES = YES;
				DEVELOPMENT_TEAM = GXZ23M5TP2;
				ENABLE_HARDENED_RUNTIME = YES;
				ENABLE_PREVIEWS = YES;
				GCC_PREPROCESSOR_DEFINITIONS = "SERVICE=1";
				INFOPLIST_FILE = Example/macOS/Info.plist;
				LD_RUNPATH_SEARCH_PATHS = (
					"$(inherited)",
					"@executable_path/../Frameworks",
				);
				PRODUCT_BUNDLE_IDENTIFIER = com.darwindev.SwiftBonjour.Service;
				PRODUCT_NAME = SwiftBonjourExampleService;
				SDKROOT = macosx;
				SWIFT_ACTIVE_COMPILATION_CONDITIONS = SERVICE;
				SWIFT_VERSION = 5.0;
				TARGETED_DEVICE_FAMILY = 6;
			};
			name = Release;
		};
		CC51DFEF2654DFA1004251E3 /* Debug */ = {
			isa = XCBuildConfiguration;
			buildSettings = {
				ALWAYS_EMBED_SWIFT_STANDARD_LIBRARIES = YES;
				ASSETCATALOG_COMPILER_APPICON_NAME = AppIcon;
				ASSETCATALOG_COMPILER_GLOBAL_ACCENT_COLOR_NAME = AccentColor;
				CODE_SIGN_STYLE = Automatic;
				DEVELOPMENT_TEAM = GXZ23M5TP2;
				ENABLE_PREVIEWS = YES;
				INFOPLIST_FILE = Example/iOS/Info.plist;
				LD_RUNPATH_SEARCH_PATHS = (
					"$(inherited)",
					"@executable_path/Frameworks",
				);
				PRODUCT_BUNDLE_IDENTIFIER = com.darwindev.SwiftBonjour.Browser;
				PRODUCT_NAME = SwiftBonjourExampleBrowser;
				SDKROOT = iphoneos;
				SWIFT_VERSION = 5.0;
				TARGETED_DEVICE_FAMILY = "1,2";
			};
			name = Debug;
		};
		CC51DFF02654DFA1004251E3 /* Release */ = {
			isa = XCBuildConfiguration;
			buildSettings = {
				ALWAYS_EMBED_SWIFT_STANDARD_LIBRARIES = YES;
				ASSETCATALOG_COMPILER_APPICON_NAME = AppIcon;
				ASSETCATALOG_COMPILER_GLOBAL_ACCENT_COLOR_NAME = AccentColor;
				CODE_SIGN_STYLE = Automatic;
				DEVELOPMENT_TEAM = GXZ23M5TP2;
				ENABLE_PREVIEWS = YES;
				INFOPLIST_FILE = Example/iOS/Info.plist;
				LD_RUNPATH_SEARCH_PATHS = (
					"$(inherited)",
					"@executable_path/Frameworks",
				);
				PRODUCT_BUNDLE_IDENTIFIER = com.darwindev.SwiftBonjour.Browser;
				PRODUCT_NAME = SwiftBonjourExampleBrowser;
				SDKROOT = iphoneos;
				SWIFT_VERSION = 5.0;
				TARGETED_DEVICE_FAMILY = "1,2";
				VALIDATE_PRODUCT = YES;
			};
			name = Release;
		};
		CC51E0032654DFAB004251E3 /* Debug */ = {
			isa = XCBuildConfiguration;
			buildSettings = {
				ALWAYS_EMBED_SWIFT_STANDARD_LIBRARIES = YES;
				ASSETCATALOG_COMPILER_APPICON_NAME = AppIcon;
				ASSETCATALOG_COMPILER_GLOBAL_ACCENT_COLOR_NAME = AccentColor;
				CODE_SIGN_ENTITLEMENTS = Example/macOS/macOS.entitlements;
				CODE_SIGN_IDENTITY = "Apple Development";
				CODE_SIGN_STYLE = Automatic;
				COMBINE_HIDPI_IMAGES = YES;
				DEVELOPMENT_TEAM = GXZ23M5TP2;
				ENABLE_HARDENED_RUNTIME = YES;
				ENABLE_PREVIEWS = YES;
				INFOPLIST_FILE = Example/macOS/Info.plist;
				LD_RUNPATH_SEARCH_PATHS = (
					"$(inherited)",
					"@executable_path/../Frameworks",
				);
				PRODUCT_BUNDLE_IDENTIFIER = com.darwindev.SwiftBonjour.Browser;
				PRODUCT_NAME = SwiftBonjourExampleBrowser;
				SDKROOT = macosx;
				SWIFT_VERSION = 5.0;
				TARGETED_DEVICE_FAMILY = 6;
			};
			name = Debug;
		};
		CC51E0042654DFAB004251E3 /* Release */ = {
			isa = XCBuildConfiguration;
			buildSettings = {
				ALWAYS_EMBED_SWIFT_STANDARD_LIBRARIES = YES;
				ASSETCATALOG_COMPILER_APPICON_NAME = AppIcon;
				ASSETCATALOG_COMPILER_GLOBAL_ACCENT_COLOR_NAME = AccentColor;
				CODE_SIGN_ENTITLEMENTS = Example/macOS/macOS.entitlements;
				CODE_SIGN_IDENTITY = "Apple Development";
				CODE_SIGN_STYLE = Automatic;
				COMBINE_HIDPI_IMAGES = YES;
				DEVELOPMENT_TEAM = GXZ23M5TP2;
				ENABLE_HARDENED_RUNTIME = YES;
				ENABLE_PREVIEWS = YES;
				INFOPLIST_FILE = Example/macOS/Info.plist;
				LD_RUNPATH_SEARCH_PATHS = (
					"$(inherited)",
					"@executable_path/../Frameworks",
				);
				PRODUCT_BUNDLE_IDENTIFIER = com.darwindev.SwiftBonjour.Browser;
				PRODUCT_NAME = SwiftBonjourExampleBrowser;
				SDKROOT = macosx;
				SWIFT_VERSION = 5.0;
				TARGETED_DEVICE_FAMILY = 6;
			};
			name = Release;
		};
		CCAAF3DB2656473000D79B20 /* Debug */ = {
			isa = XCBuildConfiguration;
			buildSettings = {
				CODE_SIGN_IDENTITY = "";
				CODE_SIGN_STYLE = Automatic;
				COMBINE_HIDPI_IMAGES = YES;
				CURRENT_PROJECT_VERSION = 1;
				DEFINES_MODULE = YES;
				DEVELOPMENT_TEAM = GXZ23M5TP2;
				DYLIB_COMPATIBILITY_VERSION = 1;
				DYLIB_CURRENT_VERSION = 1;
				DYLIB_INSTALL_NAME_BASE = "@rpath";
				INFOPLIST_FILE = Example/SwiftBonjour/Info.plist;
				INSTALL_PATH = "$(LOCAL_LIBRARY_DIR)/Frameworks";
				LD_RUNPATH_SEARCH_PATHS = (
					"$(inherited)",
					"@executable_path/../Frameworks",
					"@loader_path/Frameworks",
				);
				PRODUCT_BUNDLE_IDENTIFIER = com.darwindev.SwiftBonjour;
				PRODUCT_NAME = "$(TARGET_NAME:c99extidentifier)";
				SDKROOT = macosx;
				SKIP_INSTALL = YES;
				SWIFT_VERSION = 5.0;
				VERSIONING_SYSTEM = "apple-generic";
				VERSION_INFO_PREFIX = "";
			};
			name = Debug;
		};
		CCAAF3DC2656473000D79B20 /* Release */ = {
			isa = XCBuildConfiguration;
			buildSettings = {
				CODE_SIGN_IDENTITY = "";
				CODE_SIGN_STYLE = Automatic;
				COMBINE_HIDPI_IMAGES = YES;
				CURRENT_PROJECT_VERSION = 1;
				DEFINES_MODULE = YES;
				DEVELOPMENT_TEAM = GXZ23M5TP2;
				DYLIB_COMPATIBILITY_VERSION = 1;
				DYLIB_CURRENT_VERSION = 1;
				DYLIB_INSTALL_NAME_BASE = "@rpath";
				INFOPLIST_FILE = Example/SwiftBonjour/Info.plist;
				INSTALL_PATH = "$(LOCAL_LIBRARY_DIR)/Frameworks";
				LD_RUNPATH_SEARCH_PATHS = (
					"$(inherited)",
					"@executable_path/../Frameworks",
					"@loader_path/Frameworks",
				);
				PRODUCT_BUNDLE_IDENTIFIER = com.darwindev.SwiftBonjour;
				PRODUCT_NAME = "$(TARGET_NAME:c99extidentifier)";
				SDKROOT = macosx;
				SKIP_INSTALL = YES;
				SWIFT_VERSION = 5.0;
				VERSIONING_SYSTEM = "apple-generic";
				VERSION_INFO_PREFIX = "";
			};
			name = Release;
		};
/* End XCBuildConfiguration section */

/* Begin XCConfigurationList section */
		CC0FC882265404CD00D8BD73 /* Build configuration list for PBXProject "SwiftBonjourExample" */ = {
			isa = XCConfigurationList;
			buildConfigurations = (
				CC0FC8B3265404D000D8BD73 /* Debug */,
				CC0FC8B4265404D000D8BD73 /* Release */,
			);
			defaultConfigurationIsVisible = 0;
			defaultConfigurationName = Release;
		};
		CC0FC8B5265404D000D8BD73 /* Build configuration list for PBXNativeTarget "SwiftBonjourExample Service (iOS)" */ = {
			isa = XCConfigurationList;
			buildConfigurations = (
				CC0FC8B6265404D000D8BD73 /* Debug */,
				CC0FC8B7265404D000D8BD73 /* Release */,
			);
			defaultConfigurationIsVisible = 0;
			defaultConfigurationName = Release;
		};
		CC0FC8B8265404D000D8BD73 /* Build configuration list for PBXNativeTarget "SwiftBonjourExample Service (macOS)" */ = {
			isa = XCConfigurationList;
			buildConfigurations = (
				CC0FC8B9265404D000D8BD73 /* Debug */,
				CC0FC8BA265404D000D8BD73 /* Release */,
			);
			defaultConfigurationIsVisible = 0;
			defaultConfigurationName = Release;
		};
		CC51DFEE2654DFA1004251E3 /* Build configuration list for PBXNativeTarget "SwiftBonjourExample Browser (iOS)" */ = {
			isa = XCConfigurationList;
			buildConfigurations = (
				CC51DFEF2654DFA1004251E3 /* Debug */,
				CC51DFF02654DFA1004251E3 /* Release */,
			);
			defaultConfigurationIsVisible = 0;
			defaultConfigurationName = Release;
		};
		CC51E0022654DFAB004251E3 /* Build configuration list for PBXNativeTarget "SwiftBonjourExample Browser (macOS)" */ = {
			isa = XCConfigurationList;
			buildConfigurations = (
				CC51E0032654DFAB004251E3 /* Debug */,
				CC51E0042654DFAB004251E3 /* Release */,
			);
			defaultConfigurationIsVisible = 0;
			defaultConfigurationName = Release;
		};
		CCAAF3DA2656473000D79B20 /* Build configuration list for PBXNativeTarget "SwiftBonjour" */ = {
			isa = XCConfigurationList;
			buildConfigurations = (
				CCAAF3DB2656473000D79B20 /* Debug */,
				CCAAF3DC2656473000D79B20 /* Release */,
			);
			defaultConfigurationIsVisible = 0;
			defaultConfigurationName = Release;
		};
/* End XCConfigurationList section */

/* Begin XCRemoteSwiftPackageReference section */
		CCAAF31C2656347400D79B20 /* XCRemoteSwiftPackageReference "MarkdownUI" */ = {
			isa = XCRemoteSwiftPackageReference;
			repositoryURL = "https://github.com/gonzalezreal/MarkdownUI.git";
			requirement = {
				kind = upToNextMajorVersion;
				minimumVersion = 0.5.1;
			};
		};
/* End XCRemoteSwiftPackageReference section */

/* Begin XCSwiftPackageProductDependency section */
		CCAAF31D2656347400D79B20 /* MarkdownUI */ = {
			isa = XCSwiftPackageProductDependency;
			package = CCAAF31C2656347400D79B20 /* XCRemoteSwiftPackageReference "MarkdownUI" */;
			productName = MarkdownUI;
		};
		CCAAF31F2656347F00D79B20 /* MarkdownUI */ = {
			isa = XCSwiftPackageProductDependency;
			package = CCAAF31C2656347400D79B20 /* XCRemoteSwiftPackageReference "MarkdownUI" */;
			productName = MarkdownUI;
		};
/* End XCSwiftPackageProductDependency section */
	};
	rootObject = CC0FC87F265404CD00D8BD73 /* Project object */;
}
