// !$*UTF8*$!
{
	archiveVersion = 1;
	classes = {
	};
	objectVersion = 52;
	objects = {

/* Begin PBXBuildFile section */
		CC0FC8AD265404D000D8BD73 /* SwiftBonjourApp.swift in Sources */ = {isa = PBXBuildFile; fileRef = CC0FC884265404CD00D8BD73 /* SwiftBonjourApp.swift */; };
		CC0FC8AE265404D000D8BD73 /* SwiftBonjourApp.swift in Sources */ = {isa = PBXBuildFile; fileRef = CC0FC884265404CD00D8BD73 /* SwiftBonjourApp.swift */; };
		CC0FC8B1265404D000D8BD73 /* Assets.xcassets in Resources */ = {isa = PBXBuildFile; fileRef = CC0FC886265404CF00D8BD73 /* Assets.xcassets */; };
		CC0FC8B2265404D000D8BD73 /* Assets.xcassets in Resources */ = {isa = PBXBuildFile; fileRef = CC0FC886265404CF00D8BD73 /* Assets.xcassets */; };
		CC0FC8F226540B4100D8BD73 /* DeviceView.swift in Sources */ = {isa = PBXBuildFile; fileRef = CC0FC8F126540B4100D8BD73 /* DeviceView.swift */; };
		CC0FC8F326540B4100D8BD73 /* DeviceView.swift in Sources */ = {isa = PBXBuildFile; fileRef = CC0FC8F126540B4100D8BD73 /* DeviceView.swift */; };
		CC1F9F7A2654FD7A008EF157 /* SwiftBonjour in Frameworks */ = {isa = PBXBuildFile; productRef = CC1F9F792654FD7A008EF157 /* SwiftBonjour */; };
		CC1F9F7C2654FD7E008EF157 /* SwiftBonjour in Frameworks */ = {isa = PBXBuildFile; productRef = CC1F9F7B2654FD7E008EF157 /* SwiftBonjour */; };
		CC1F9F7E2654FD83008EF157 /* SwiftBonjour in Frameworks */ = {isa = PBXBuildFile; productRef = CC1F9F7D2654FD83008EF157 /* SwiftBonjour */; };
		CC1F9F802654FD86008EF157 /* SwiftBonjour in Frameworks */ = {isa = PBXBuildFile; productRef = CC1F9F7F2654FD86008EF157 /* SwiftBonjour */; };
		CC51DFDA2654CD8A004251E3 /* HardwareModel.swift in Sources */ = {isa = PBXBuildFile; fileRef = CC51DFD92654CD8A004251E3 /* HardwareModel.swift */; };
		CC51DFDB2654CD8A004251E3 /* HardwareModel.swift in Sources */ = {isa = PBXBuildFile; fileRef = CC51DFD92654CD8A004251E3 /* HardwareModel.swift */; };
		CC51DFDD2654D791004251E3 /* AppleComputer.txt in Resources */ = {isa = PBXBuildFile; fileRef = CC51DFDC2654D791004251E3 /* AppleComputer.txt */; };
		CC51DFDE2654D791004251E3 /* AppleComputer.txt in Resources */ = {isa = PBXBuildFile; fileRef = CC51DFDC2654D791004251E3 /* AppleComputer.txt */; };
		CC51DFE32654DFA1004251E3 /* BrowserView.swift in Sources */ = {isa = PBXBuildFile; fileRef = CC0FC885265404CD00D8BD73 /* BrowserView.swift */; };
		CC51DFE42654DFA1004251E3 /* HardwareModel.swift in Sources */ = {isa = PBXBuildFile; fileRef = CC51DFD92654CD8A004251E3 /* HardwareModel.swift */; };
		CC51DFE52654DFA1004251E3 /* SwiftBonjourApp.swift in Sources */ = {isa = PBXBuildFile; fileRef = CC0FC884265404CD00D8BD73 /* SwiftBonjourApp.swift */; };
		CC51DFE62654DFA1004251E3 /* DeviceView.swift in Sources */ = {isa = PBXBuildFile; fileRef = CC0FC8F126540B4100D8BD73 /* DeviceView.swift */; };
		CC51DFEA2654DFA1004251E3 /* AppleComputer.txt in Resources */ = {isa = PBXBuildFile; fileRef = CC51DFDC2654D791004251E3 /* AppleComputer.txt */; };
		CC51DFEB2654DFA1004251E3 /* Assets.xcassets in Resources */ = {isa = PBXBuildFile; fileRef = CC0FC886265404CF00D8BD73 /* Assets.xcassets */; };
		CC51DFF72654DFAB004251E3 /* BrowserView.swift in Sources */ = {isa = PBXBuildFile; fileRef = CC0FC885265404CD00D8BD73 /* BrowserView.swift */; };
		CC51DFF82654DFAB004251E3 /* HardwareModel.swift in Sources */ = {isa = PBXBuildFile; fileRef = CC51DFD92654CD8A004251E3 /* HardwareModel.swift */; };
		CC51DFF92654DFAB004251E3 /* SwiftBonjourApp.swift in Sources */ = {isa = PBXBuildFile; fileRef = CC0FC884265404CD00D8BD73 /* SwiftBonjourApp.swift */; };
		CC51DFFA2654DFAB004251E3 /* DeviceView.swift in Sources */ = {isa = PBXBuildFile; fileRef = CC0FC8F126540B4100D8BD73 /* DeviceView.swift */; };
		CC51DFFE2654DFAB004251E3 /* AppleComputer.txt in Resources */ = {isa = PBXBuildFile; fileRef = CC51DFDC2654D791004251E3 /* AppleComputer.txt */; };
		CC51DFFF2654DFAB004251E3 /* Assets.xcassets in Resources */ = {isa = PBXBuildFile; fileRef = CC0FC886265404CF00D8BD73 /* Assets.xcassets */; };
		CC51E0082654E12C004251E3 /* ServiceView.swift in Sources */ = {isa = PBXBuildFile; fileRef = CC51E0072654E12C004251E3 /* ServiceView.swift */; };
		CC51E0092654E12C004251E3 /* ServiceView.swift in Sources */ = {isa = PBXBuildFile; fileRef = CC51E0072654E12C004251E3 /* ServiceView.swift */; };
		CC51E00B2654EA4D004251E3 /* ServiceState.swift in Sources */ = {isa = PBXBuildFile; fileRef = CC51E00A2654EA4D004251E3 /* ServiceState.swift */; };
		CC51E00C2654EA4D004251E3 /* ServiceState.swift in Sources */ = {isa = PBXBuildFile; fileRef = CC51E00A2654EA4D004251E3 /* ServiceState.swift */; };
		CC51E0102654ED7F004251E3 /* BrowserState.swift in Sources */ = {isa = PBXBuildFile; fileRef = CC51E00D2654ED79004251E3 /* BrowserState.swift */; };
		CC51E0112654ED7F004251E3 /* BrowserState.swift in Sources */ = {isa = PBXBuildFile; fileRef = CC51E00D2654ED79004251E3 /* BrowserState.swift */; };
		CC51E0122654EDA4004251E3 /* ServiceState.swift in Sources */ = {isa = PBXBuildFile; fileRef = CC51E00A2654EA4D004251E3 /* ServiceState.swift */; };
		CC51E0132654EDA4004251E3 /* ServiceState.swift in Sources */ = {isa = PBXBuildFile; fileRef = CC51E00A2654EA4D004251E3 /* ServiceState.swift */; };
/* End PBXBuildFile section */

/* Begin PBXCopyFilesBuildPhase section */
		CC0FC8E4265407AB00D8BD73 /* Embed Frameworks */ = {
			isa = PBXCopyFilesBuildPhase;
			buildActionMask = 2147483647;
			dstPath = "";
			dstSubfolderSpec = 10;
			files = (
			);
			name = "Embed Frameworks";
			runOnlyForDeploymentPostprocessing = 0;
		};
		CC0FC8F0265407CC00D8BD73 /* Embed Frameworks */ = {
			isa = PBXCopyFilesBuildPhase;
			buildActionMask = 2147483647;
			dstPath = "";
			dstSubfolderSpec = 10;
			files = (
			);
			name = "Embed Frameworks";
			runOnlyForDeploymentPostprocessing = 0;
		};
		CC51DFEC2654DFA1004251E3 /* Embed Frameworks */ = {
			isa = PBXCopyFilesBuildPhase;
			buildActionMask = 2147483647;
			dstPath = "";
			dstSubfolderSpec = 10;
			files = (
			);
			name = "Embed Frameworks";
			runOnlyForDeploymentPostprocessing = 0;
		};
		CC51E0002654DFAB004251E3 /* Embed Frameworks */ = {
			isa = PBXCopyFilesBuildPhase;
			buildActionMask = 2147483647;
			dstPath = "";
			dstSubfolderSpec = 10;
			files = (
			);
			name = "Embed Frameworks";
			runOnlyForDeploymentPostprocessing = 0;
		};
/* End PBXCopyFilesBuildPhase section */

/* Begin PBXFileReference section */
		CC0FC884265404CD00D8BD73 /* SwiftBonjourApp.swift */ = {isa = PBXFileReference; lastKnownFileType = sourcecode.swift; path = SwiftBonjourApp.swift; sourceTree = "<group>"; };
		CC0FC885265404CD00D8BD73 /* BrowserView.swift */ = {isa = PBXFileReference; lastKnownFileType = sourcecode.swift; path = BrowserView.swift; sourceTree = "<group>"; };
		CC0FC886265404CF00D8BD73 /* Assets.xcassets */ = {isa = PBXFileReference; lastKnownFileType = folder.assetcatalog; path = Assets.xcassets; sourceTree = "<group>"; };
		CC0FC88B265404CF00D8BD73 /* SwiftBonjourExampleService.app */ = {isa = PBXFileReference; explicitFileType = wrapper.application; includeInIndex = 0; path = SwiftBonjourExampleService.app; sourceTree = BUILT_PRODUCTS_DIR; };
		CC0FC88E265404CF00D8BD73 /* Info.plist */ = {isa = PBXFileReference; lastKnownFileType = text.plist.xml; path = Info.plist; sourceTree = "<group>"; };
		CC0FC893265404D000D8BD73 /* SwiftBonjourExampleService.app */ = {isa = PBXFileReference; explicitFileType = wrapper.application; includeInIndex = 0; path = SwiftBonjourExampleService.app; sourceTree = BUILT_PRODUCTS_DIR; };
		CC0FC895265404D000D8BD73 /* Info.plist */ = {isa = PBXFileReference; lastKnownFileType = text.plist.xml; path = Info.plist; sourceTree = "<group>"; };
		CC0FC896265404D000D8BD73 /* macOS.entitlements */ = {isa = PBXFileReference; lastKnownFileType = text.plist.entitlements; path = macOS.entitlements; sourceTree = "<group>"; };
		CC0FC8F126540B4100D8BD73 /* DeviceView.swift */ = {isa = PBXFileReference; lastKnownFileType = sourcecode.swift; path = DeviceView.swift; sourceTree = "<group>"; };
		CC51DFD92654CD8A004251E3 /* HardwareModel.swift */ = {isa = PBXFileReference; lastKnownFileType = sourcecode.swift; path = HardwareModel.swift; sourceTree = "<group>"; };
		CC51DFDC2654D791004251E3 /* AppleComputer.txt */ = {isa = PBXFileReference; fileEncoding = 4; lastKnownFileType = text; path = AppleComputer.txt; sourceTree = "<group>"; };
		CC51DFF12654DFA1004251E3 /* SwiftBonjourExampleBrowser.app */ = {isa = PBXFileReference; explicitFileType = wrapper.application; includeInIndex = 0; path = SwiftBonjourExampleBrowser.app; sourceTree = BUILT_PRODUCTS_DIR; };
		CC51E0052654DFAB004251E3 /* SwiftBonjourExampleBrowser.app */ = {isa = PBXFileReference; explicitFileType = wrapper.application; includeInIndex = 0; path = SwiftBonjourExampleBrowser.app; sourceTree = BUILT_PRODUCTS_DIR; };
		CC51E0072654E12C004251E3 /* ServiceView.swift */ = {isa = PBXFileReference; lastKnownFileType = sourcecode.swift; path = ServiceView.swift; sourceTree = "<group>"; };
		CC51E00A2654EA4D004251E3 /* ServiceState.swift */ = {isa = PBXFileReference; lastKnownFileType = sourcecode.swift; path = ServiceState.swift; sourceTree = "<group>"; };
		CC51E00D2654ED79004251E3 /* BrowserState.swift */ = {isa = PBXFileReference; lastKnownFileType = sourcecode.swift; path = BrowserState.swift; sourceTree = "<group>"; };
/* End PBXFileReference section */

/* Begin PBXFrameworksBuildPhase section */
		CC0FC888265404CF00D8BD73 /* Frameworks */ = {
			isa = PBXFrameworksBuildPhase;
			buildActionMask = 2147483647;
			files = (
				CC1F9F7A2654FD7A008EF157 /* SwiftBonjour in Frameworks */,
			);
			runOnlyForDeploymentPostprocessing = 0;
		};
		CC0FC890265404D000D8BD73 /* Frameworks */ = {
			isa = PBXFrameworksBuildPhase;
			buildActionMask = 2147483647;
			files = (
				CC1F9F7C2654FD7E008EF157 /* SwiftBonjour in Frameworks */,
			);
			runOnlyForDeploymentPostprocessing = 0;
		};
		CC51DFE72654DFA1004251E3 /* Frameworks */ = {
			isa = PBXFrameworksBuildPhase;
			buildActionMask = 2147483647;
			files = (
				CC1F9F7E2654FD83008EF157 /* SwiftBonjour in Frameworks */,
			);
			runOnlyForDeploymentPostprocessing = 0;
		};
		CC51DFFB2654DFAB004251E3 /* Frameworks */ = {
			isa = PBXFrameworksBuildPhase;
			buildActionMask = 2147483647;
			files = (
				CC1F9F802654FD86008EF157 /* SwiftBonjour in Frameworks */,
			);
			runOnlyForDeploymentPostprocessing = 0;
		};
/* End PBXFrameworksBuildPhase section */

/* Begin PBXGroup section */
		CC0FC87E265404CD00D8BD73 = {
			isa = PBXGroup;
			children = (
				CC0FC883265404CD00D8BD73 /* Shared */,
				CC0FC88D265404CF00D8BD73 /* iOS */,
				CC0FC894265404D000D8BD73 /* macOS */,
				CC0FC88C265404CF00D8BD73 /* Products */,
				CC0FC8EB265407CB00D8BD73 /* Frameworks */,
			);
			sourceTree = "<group>";
		};
		CC0FC883265404CD00D8BD73 /* Shared */ = {
			isa = PBXGroup;
			children = (
				CC0FC884265404CD00D8BD73 /* SwiftBonjourApp.swift */,
				CC51E00A2654EA4D004251E3 /* ServiceState.swift */,
				CC51E0072654E12C004251E3 /* ServiceView.swift */,
				CC51E00D2654ED79004251E3 /* BrowserState.swift */,
				CC0FC885265404CD00D8BD73 /* BrowserView.swift */,
				CC0FC8F126540B4100D8BD73 /* DeviceView.swift */,
				CC51DFD92654CD8A004251E3 /* HardwareModel.swift */,
				CC51DFDC2654D791004251E3 /* AppleComputer.txt */,
				CC0FC886265404CF00D8BD73 /* Assets.xcassets */,
			);
			path = Shared;
			sourceTree = "<group>";
		};
		CC0FC88C265404CF00D8BD73 /* Products */ = {
			isa = PBXGroup;
			children = (
				CC0FC88B265404CF00D8BD73 /* SwiftBonjourExampleService.app */,
				CC0FC893265404D000D8BD73 /* SwiftBonjourExampleService.app */,
				CC51DFF12654DFA1004251E3 /* SwiftBonjourExampleBrowser.app */,
				CC51E0052654DFAB004251E3 /* SwiftBonjourExampleBrowser.app */,
			);
			name = Products;
			sourceTree = "<group>";
		};
		CC0FC88D265404CF00D8BD73 /* iOS */ = {
			isa = PBXGroup;
			children = (
				CC0FC88E265404CF00D8BD73 /* Info.plist */,
			);
			path = iOS;
			sourceTree = "<group>";
		};
		CC0FC894265404D000D8BD73 /* macOS */ = {
			isa = PBXGroup;
			children = (
				CC0FC895265404D000D8BD73 /* Info.plist */,
				CC0FC896265404D000D8BD73 /* macOS.entitlements */,
			);
			path = macOS;
			sourceTree = "<group>";
		};
		CC0FC8EB265407CB00D8BD73 /* Frameworks */ = {
			isa = PBXGroup;
			children = (
			);
			name = Frameworks;
			sourceTree = "<group>";
		};
/* End PBXGroup section */

/* Begin PBXNativeTarget section */
		CC0FC88A265404CF00D8BD73 /* SwiftBonjourExample Service (iOS) */ = {
			isa = PBXNativeTarget;
			buildConfigurationList = CC0FC8B5265404D000D8BD73 /* Build configuration list for PBXNativeTarget "SwiftBonjourExample Service (iOS)" */;
			buildPhases = (
				CC0FC887265404CF00D8BD73 /* Sources */,
				CC0FC888265404CF00D8BD73 /* Frameworks */,
				CC0FC889265404CF00D8BD73 /* Resources */,
				CC0FC8F0265407CC00D8BD73 /* Embed Frameworks */,
			);
			buildRules = (
			);
			dependencies = (
			);
			name = "SwiftBonjourExample Service (iOS)";
			packageProductDependencies = (
				CC1F9F792654FD7A008EF157 /* SwiftBonjour */,
			);
			productName = "SwiftBonjour (iOS)";
			productReference = CC0FC88B265404CF00D8BD73 /* SwiftBonjourExampleService.app */;
			productType = "com.apple.product-type.application";
		};
		CC0FC892265404D000D8BD73 /* SwiftBonjourExample Service (macOS) */ = {
			isa = PBXNativeTarget;
			buildConfigurationList = CC0FC8B8265404D000D8BD73 /* Build configuration list for PBXNativeTarget "SwiftBonjourExample Service (macOS)" */;
			buildPhases = (
				CC0FC88F265404D000D8BD73 /* Sources */,
				CC0FC890265404D000D8BD73 /* Frameworks */,
				CC0FC891265404D000D8BD73 /* Resources */,
				CC0FC8E4265407AB00D8BD73 /* Embed Frameworks */,
			);
			buildRules = (
			);
			dependencies = (
			);
			name = "SwiftBonjourExample Service (macOS)";
			packageProductDependencies = (
				CC1F9F7B2654FD7E008EF157 /* SwiftBonjour */,
			);
			productName = "SwiftBonjour (macOS)";
			productReference = CC0FC893265404D000D8BD73 /* SwiftBonjourExampleService.app */;
			productType = "com.apple.product-type.application";
		};
		CC51DFDF2654DFA1004251E3 /* SwiftBonjourExample Browser (iOS) */ = {
			isa = PBXNativeTarget;
			buildConfigurationList = CC51DFEE2654DFA1004251E3 /* Build configuration list for PBXNativeTarget "SwiftBonjourExample Browser (iOS)" */;
			buildPhases = (
				CC51DFE22654DFA1004251E3 /* Sources */,
				CC51DFE72654DFA1004251E3 /* Frameworks */,
				CC51DFE92654DFA1004251E3 /* Resources */,
				CC51DFEC2654DFA1004251E3 /* Embed Frameworks */,
			);
			buildRules = (
			);
			dependencies = (
			);
			name = "SwiftBonjourExample Browser (iOS)";
			packageProductDependencies = (
				CC1F9F7D2654FD83008EF157 /* SwiftBonjour */,
			);
			productName = "SwiftBonjour (iOS)";
			productReference = CC51DFF12654DFA1004251E3 /* SwiftBonjourExampleBrowser.app */;
			productType = "com.apple.product-type.application";
		};
		CC51DFF32654DFAB004251E3 /* SwiftBonjourExample Browser (macOS) */ = {
			isa = PBXNativeTarget;
			buildConfigurationList = CC51E0022654DFAB004251E3 /* Build configuration list for PBXNativeTarget "SwiftBonjourExample Browser (macOS)" */;
			buildPhases = (
				CC51DFF62654DFAB004251E3 /* Sources */,
				CC51DFFB2654DFAB004251E3 /* Frameworks */,
				CC51DFFD2654DFAB004251E3 /* Resources */,
				CC51E0002654DFAB004251E3 /* Embed Frameworks */,
			);
			buildRules = (
			);
			dependencies = (
			);
			name = "SwiftBonjourExample Browser (macOS)";
			packageProductDependencies = (
				CC1F9F7F2654FD86008EF157 /* SwiftBonjour */,
			);
			productName = "SwiftBonjour (macOS)";
			productReference = CC51E0052654DFAB004251E3 /* SwiftBonjourExampleBrowser.app */;
			productType = "com.apple.product-type.application";
		};
/* End PBXNativeTarget section */

/* Begin PBXProject section */
		CC0FC87F265404CD00D8BD73 /* Project object */ = {
			isa = PBXProject;
			attributes = {
				LastSwiftUpdateCheck = 1250;
				LastUpgradeCheck = 1250;
				TargetAttributes = {
					CC0FC88A265404CF00D8BD73 = {
						CreatedOnToolsVersion = 12.5;
					};
					CC0FC892265404D000D8BD73 = {
						CreatedOnToolsVersion = 12.5;
					};
				};
			};
			buildConfigurationList = CC0FC882265404CD00D8BD73 /* Build configuration list for PBXProject "SwiftBonjourExample" */;
			compatibilityVersion = "Xcode 9.3";
			developmentRegion = en;
			hasScannedForEncodings = 0;
			knownRegions = (
				en,
				Base,
			);
			mainGroup = CC0FC87E265404CD00D8BD73;
			productRefGroup = CC0FC88C265404CF00D8BD73 /* Products */;
			projectDirPath = "";
			projectRoot = "";
			targets = (
				CC0FC88A265404CF00D8BD73 /* SwiftBonjourExample Service (iOS) */,
				CC0FC892265404D000D8BD73 /* SwiftBonjourExample Service (macOS) */,
				CC51DFDF2654DFA1004251E3 /* SwiftBonjourExample Browser (iOS) */,
				CC51DFF32654DFAB004251E3 /* SwiftBonjourExample Browser (macOS) */,
			);
		};
/* End PBXProject section */

/* Begin PBXResourcesBuildPhase section */
		CC0FC889265404CF00D8BD73 /* Resources */ = {
			isa = PBXResourcesBuildPhase;
			buildActionMask = 2147483647;
			files = (
				CC51DFDD2654D791004251E3 /* AppleComputer.txt in Resources */,
				CC0FC8B1265404D000D8BD73 /* Assets.xcassets in Resources */,
			);
			runOnlyForDeploymentPostprocessing = 0;
		};
		CC0FC891265404D000D8BD73 /* Resources */ = {
			isa = PBXResourcesBuildPhase;
			buildActionMask = 2147483647;
			files = (
				CC51DFDE2654D791004251E3 /* AppleComputer.txt in Resources */,
				CC0FC8B2265404D000D8BD73 /* Assets.xcassets in Resources */,
			);
			runOnlyForDeploymentPostprocessing = 0;
		};
		CC51DFE92654DFA1004251E3 /* Resources */ = {
			isa = PBXResourcesBuildPhase;
			buildActionMask = 2147483647;
			files = (
				CC51DFEA2654DFA1004251E3 /* AppleComputer.txt in Resources */,
				CC51DFEB2654DFA1004251E3 /* Assets.xcassets in Resources */,
			);
			runOnlyForDeploymentPostprocessing = 0;
		};
		CC51DFFD2654DFAB004251E3 /* Resources */ = {
			isa = PBXResourcesBuildPhase;
			buildActionMask = 2147483647;
			files = (
				CC51DFFE2654DFAB004251E3 /* AppleComputer.txt in Resources */,
				CC51DFFF2654DFAB004251E3 /* Assets.xcassets in Resources */,
			);
			runOnlyForDeploymentPostprocessing = 0;
		};
/* End PBXResourcesBuildPhase section */

/* Begin PBXSourcesBuildPhase section */
		CC0FC887265404CF00D8BD73 /* Sources */ = {
			isa = PBXSourcesBuildPhase;
			buildActionMask = 2147483647;
			files = (
				CC51E00B2654EA4D004251E3 /* ServiceState.swift in Sources */,
				CC51DFDA2654CD8A004251E3 /* HardwareModel.swift in Sources */,
				CC0FC8AD265404D000D8BD73 /* SwiftBonjourApp.swift in Sources */,
				CC51E0082654E12C004251E3 /* ServiceView.swift in Sources */,
				CC0FC8F226540B4100D8BD73 /* DeviceView.swift in Sources */,
			);
			runOnlyForDeploymentPostprocessing = 0;
		};
		CC0FC88F265404D000D8BD73 /* Sources */ = {
			isa = PBXSourcesBuildPhase;
			buildActionMask = 2147483647;
			files = (
				CC51E00C2654EA4D004251E3 /* ServiceState.swift in Sources */,
				CC51DFDB2654CD8A004251E3 /* HardwareModel.swift in Sources */,
				CC0FC8AE265404D000D8BD73 /* SwiftBonjourApp.swift in Sources */,
				CC51E0092654E12C004251E3 /* ServiceView.swift in Sources */,
				CC0FC8F326540B4100D8BD73 /* DeviceView.swift in Sources */,
			);
			runOnlyForDeploymentPostprocessing = 0;
		};
		CC51DFE22654DFA1004251E3 /* Sources */ = {
			isa = PBXSourcesBuildPhase;
			buildActionMask = 2147483647;
			files = (
				CC51DFE32654DFA1004251E3 /* BrowserView.swift in Sources */,
				CC51E0122654EDA4004251E3 /* ServiceState.swift in Sources */,
				CC51DFE42654DFA1004251E3 /* HardwareModel.swift in Sources */,
				CC51DFE52654DFA1004251E3 /* SwiftBonjourApp.swift in Sources */,
				CC51DFE62654DFA1004251E3 /* DeviceView.swift in Sources */,
				CC51E0102654ED7F004251E3 /* BrowserState.swift in Sources */,
			);
			runOnlyForDeploymentPostprocessing = 0;
		};
		CC51DFF62654DFAB004251E3 /* Sources */ = {
			isa = PBXSourcesBuildPhase;
			buildActionMask = 2147483647;
			files = (
				CC51DFF72654DFAB004251E3 /* BrowserView.swift in Sources */,
				CC51E0132654EDA4004251E3 /* ServiceState.swift in Sources */,
				CC51DFF82654DFAB004251E3 /* HardwareModel.swift in Sources */,
				CC51DFF92654DFAB004251E3 /* SwiftBonjourApp.swift in Sources */,
				CC51DFFA2654DFAB004251E3 /* DeviceView.swift in Sources */,
				CC51E0112654ED7F004251E3 /* BrowserState.swift in Sources */,
			);
			runOnlyForDeploymentPostprocessing = 0;
		};
/* End PBXSourcesBuildPhase section */

/* Begin XCBuildConfiguration section */
		CC0FC8B3265404D000D8BD73 /* Debug */ = {
			isa = XCBuildConfiguration;
			buildSettings = {
				ALWAYS_SEARCH_USER_PATHS = NO;
				CLANG_ANALYZER_NONNULL = YES;
				CLANG_ANALYZER_NUMBER_OBJECT_CONVERSION = YES_AGGRESSIVE;
				CLANG_CXX_LANGUAGE_STANDARD = "gnu++14";
				CLANG_CXX_LIBRARY = "libc++";
				CLANG_ENABLE_MODULES = YES;
				CLANG_ENABLE_OBJC_ARC = YES;
				CLANG_ENABLE_OBJC_WEAK = YES;
				CLANG_WARN_BLOCK_CAPTURE_AUTORELEASING = YES;
				CLANG_WARN_BOOL_CONVERSION = YES;
				CLANG_WARN_COMMA = YES;
				CLANG_WARN_CONSTANT_CONVERSION = YES;
				CLANG_WARN_DEPRECATED_OBJC_IMPLEMENTATIONS = YES;
				CLANG_WARN_DIRECT_OBJC_ISA_USAGE = YES_ERROR;
				CLANG_WARN_DOCUMENTATION_COMMENTS = YES;
				CLANG_WARN_EMPTY_BODY = YES;
				CLANG_WARN_ENUM_CONVERSION = YES;
				CLANG_WARN_INFINITE_RECURSION = YES;
				CLANG_WARN_INT_CONVERSION = YES;
				CLANG_WARN_NON_LITERAL_NULL_CONVERSION = YES;
				CLANG_WARN_OBJC_IMPLICIT_RETAIN_SELF = YES;
				CLANG_WARN_OBJC_LITERAL_CONVERSION = YES;
				CLANG_WARN_OBJC_ROOT_CLASS = YES_ERROR;
				CLANG_WARN_QUOTED_INCLUDE_IN_FRAMEWORK_HEADER = YES;
				CLANG_WARN_RANGE_LOOP_ANALYSIS = YES;
				CLANG_WARN_STRICT_PROTOTYPES = YES;
				CLANG_WARN_SUSPICIOUS_MOVE = YES;
				CLANG_WARN_UNGUARDED_AVAILABILITY = YES_AGGRESSIVE;
				CLANG_WARN_UNREACHABLE_CODE = YES;
				CLANG_WARN__DUPLICATE_METHOD_MATCH = YES;
				COPY_PHASE_STRIP = NO;
				DEBUG_INFORMATION_FORMAT = dwarf;
				ENABLE_STRICT_OBJC_MSGSEND = YES;
				ENABLE_TESTABILITY = YES;
				GCC_C_LANGUAGE_STANDARD = gnu11;
				GCC_DYNAMIC_NO_PIC = NO;
				GCC_NO_COMMON_BLOCKS = YES;
				GCC_OPTIMIZATION_LEVEL = 0;
				GCC_PREPROCESSOR_DEFINITIONS = (
					"DEBUG=1",
					"$(inherited)",
				);
				GCC_WARN_64_TO_32_BIT_CONVERSION = YES;
				GCC_WARN_ABOUT_RETURN_TYPE = YES_ERROR;
				GCC_WARN_UNDECLARED_SELECTOR = YES;
				GCC_WARN_UNINITIALIZED_AUTOS = YES_AGGRESSIVE;
				GCC_WARN_UNUSED_FUNCTION = YES;
				GCC_WARN_UNUSED_VARIABLE = YES;
				IPHONEOS_DEPLOYMENT_TARGET = 14.1;
				MACOSX_DEPLOYMENT_TARGET = 11.0;
				MTL_ENABLE_DEBUG_INFO = INCLUDE_SOURCE;
				MTL_FAST_MATH = YES;
				ONLY_ACTIVE_ARCH = YES;
				SWIFT_ACTIVE_COMPILATION_CONDITIONS = DEBUG;
				SWIFT_OPTIMIZATION_LEVEL = "-Onone";
				TARGETED_DEVICE_FAMILY = "1,2,3,4,5,6";
				TVOS_DEPLOYMENT_TARGET = 14.1;
				WATCHOS_DEPLOYMENT_TARGET = 7.1;
			};
			name = Debug;
		};
		CC0FC8B4265404D000D8BD73 /* Release */ = {
			isa = XCBuildConfiguration;
			buildSettings = {
				ALWAYS_SEARCH_USER_PATHS = NO;
				CLANG_ANALYZER_NONNULL = YES;
				CLANG_ANALYZER_NUMBER_OBJECT_CONVERSION = YES_AGGRESSIVE;
				CLANG_CXX_LANGUAGE_STANDARD = "gnu++14";
				CLANG_CXX_LIBRARY = "libc++";
				CLANG_ENABLE_MODULES = YES;
				CLANG_ENABLE_OBJC_ARC = YES;
				CLANG_ENABLE_OBJC_WEAK = YES;
				CLANG_WARN_BLOCK_CAPTURE_AUTORELEASING = YES;
				CLANG_WARN_BOOL_CONVERSION = YES;
				CLANG_WARN_COMMA = YES;
				CLANG_WARN_CONSTANT_CONVERSION = YES;
				CLANG_WARN_DEPRECATED_OBJC_IMPLEMENTATIONS = YES;
				CLANG_WARN_DIRECT_OBJC_ISA_USAGE = YES_ERROR;
				CLANG_WARN_DOCUMENTATION_COMMENTS = YES;
				CLANG_WARN_EMPTY_BODY = YES;
				CLANG_WARN_ENUM_CONVERSION = YES;
				CLANG_WARN_INFINITE_RECURSION = YES;
				CLANG_WARN_INT_CONVERSION = YES;
				CLANG_WARN_NON_LITERAL_NULL_CONVERSION = YES;
				CLANG_WARN_OBJC_IMPLICIT_RETAIN_SELF = YES;
				CLANG_WARN_OBJC_LITERAL_CONVERSION = YES;
				CLANG_WARN_OBJC_ROOT_CLASS = YES_ERROR;
				CLANG_WARN_QUOTED_INCLUDE_IN_FRAMEWORK_HEADER = YES;
				CLANG_WARN_RANGE_LOOP_ANALYSIS = YES;
				CLANG_WARN_STRICT_PROTOTYPES = YES;
				CLANG_WARN_SUSPICIOUS_MOVE = YES;
				CLANG_WARN_UNGUARDED_AVAILABILITY = YES_AGGRESSIVE;
				CLANG_WARN_UNREACHABLE_CODE = YES;
				CLANG_WARN__DUPLICATE_METHOD_MATCH = YES;
				COPY_PHASE_STRIP = NO;
				DEBUG_INFORMATION_FORMAT = "dwarf-with-dsym";
				ENABLE_NS_ASSERTIONS = NO;
				ENABLE_STRICT_OBJC_MSGSEND = YES;
				GCC_C_LANGUAGE_STANDARD = gnu11;
				GCC_NO_COMMON_BLOCKS = YES;
				GCC_WARN_64_TO_32_BIT_CONVERSION = YES;
				GCC_WARN_ABOUT_RETURN_TYPE = YES_ERROR;
				GCC_WARN_UNDECLARED_SELECTOR = YES;
				GCC_WARN_UNINITIALIZED_AUTOS = YES_AGGRESSIVE;
				GCC_WARN_UNUSED_FUNCTION = YES;
				GCC_WARN_UNUSED_VARIABLE = YES;
				IPHONEOS_DEPLOYMENT_TARGET = 14.1;
				MACOSX_DEPLOYMENT_TARGET = 11.0;
				MTL_ENABLE_DEBUG_INFO = NO;
				MTL_FAST_MATH = YES;
				SWIFT_COMPILATION_MODE = wholemodule;
				SWIFT_OPTIMIZATION_LEVEL = "-O";
				TARGETED_DEVICE_FAMILY = "1,2,3,4,5,6";
				TVOS_DEPLOYMENT_TARGET = 14.1;
				WATCHOS_DEPLOYMENT_TARGET = 7.1;
			};
			name = Release;
		};
		CC0FC8B6265404D000D8BD73 /* Debug */ = {
			isa = XCBuildConfiguration;
			buildSettings = {
				ASSETCATALOG_COMPILER_APPICON_NAME = AppIcon;
				ASSETCATALOG_COMPILER_GLOBAL_ACCENT_COLOR_NAME = AccentColor;
				CODE_SIGN_STYLE = Automatic;
				DEVELOPMENT_TEAM = GXZ23M5TP2;
				ENABLE_PREVIEWS = YES;
				GCC_PREPROCESSOR_DEFINITIONS = (
					"$(inherited)",
					"SERVICE=1",
				);
				INFOPLIST_FILE = iOS/Info.plist;
				LD_RUNPATH_SEARCH_PATHS = (
					"$(inherited)",
					"@executable_path/Frameworks",
				);
				PRODUCT_BUNDLE_IDENTIFIER = com.darwindev.SwiftBonjour.Service;
				PRODUCT_NAME = SwiftBonjourExampleService;
				SDKROOT = iphoneos;
				SWIFT_ACTIVE_COMPILATION_CONDITIONS = "DEBUG SERVICE";
				SWIFT_VERSION = 5.0;
				TARGETED_DEVICE_FAMILY = "1,2";
			};
			name = Debug;
		};
		CC0FC8B7265404D000D8BD73 /* Release */ = {
			isa = XCBuildConfiguration;
			buildSettings = {
				ASSETCATALOG_COMPILER_APPICON_NAME = AppIcon;
				ASSETCATALOG_COMPILER_GLOBAL_ACCENT_COLOR_NAME = AccentColor;
				CODE_SIGN_STYLE = Automatic;
				DEVELOPMENT_TEAM = GXZ23M5TP2;
				ENABLE_PREVIEWS = YES;
				GCC_PREPROCESSOR_DEFINITIONS = "SERVICE=1";
				INFOPLIST_FILE = iOS/Info.plist;
				LD_RUNPATH_SEARCH_PATHS = (
					"$(inherited)",
					"@executable_path/Frameworks",
				);
				PRODUCT_BUNDLE_IDENTIFIER = com.darwindev.SwiftBonjour.Service;
				PRODUCT_NAME = SwiftBonjourExampleService;
				SDKROOT = iphoneos;
				SWIFT_ACTIVE_COMPILATION_CONDITIONS = SERVICE;
				SWIFT_VERSION = 5.0;
				TARGETED_DEVICE_FAMILY = "1,2";
				VALIDATE_PRODUCT = YES;
			};
			name = Release;
		};
		CC0FC8B9265404D000D8BD73 /* Debug */ = {
			isa = XCBuildConfiguration;
			buildSettings = {
				ASSETCATALOG_COMPILER_APPICON_NAME = AppIcon;
				ASSETCATALOG_COMPILER_GLOBAL_ACCENT_COLOR_NAME = AccentColor;
				CODE_SIGN_ENTITLEMENTS = macOS/macOS.entitlements;
				CODE_SIGN_STYLE = Automatic;
				COMBINE_HIDPI_IMAGES = YES;
				DEVELOPMENT_TEAM = GXZ23M5TP2;
				ENABLE_HARDENED_RUNTIME = YES;
				ENABLE_PREVIEWS = YES;
				GCC_PREPROCESSOR_DEFINITIONS = (
					"$(inherited)",
					"SERVICE=1",
				);
				INFOPLIST_FILE = macOS/Info.plist;
				LD_RUNPATH_SEARCH_PATHS = (
					"$(inherited)",
					"@executable_path/../Frameworks",
				);
				PRODUCT_BUNDLE_IDENTIFIER = com.darwindev.SwiftBonjour.Service;
				PRODUCT_NAME = SwiftBonjourExampleService;
				SDKROOT = macosx;
				SWIFT_ACTIVE_COMPILATION_CONDITIONS = "DEBUG SERVICE";
				SWIFT_VERSION = 5.0;
				TARGETED_DEVICE_FAMILY = 6;
			};
			name = Debug;
		};
		CC0FC8BA265404D000D8BD73 /* Release */ = {
			isa = XCBuildConfiguration;
			buildSettings = {
				ASSETCATALOG_COMPILER_APPICON_NAME = AppIcon;
				ASSETCATALOG_COMPILER_GLOBAL_ACCENT_COLOR_NAME = AccentColor;
				CODE_SIGN_ENTITLEMENTS = macOS/macOS.entitlements;
				CODE_SIGN_STYLE = Automatic;
				COMBINE_HIDPI_IMAGES = YES;
				DEVELOPMENT_TEAM = GXZ23M5TP2;
				ENABLE_HARDENED_RUNTIME = YES;
				ENABLE_PREVIEWS = YES;
				GCC_PREPROCESSOR_DEFINITIONS = "SERVICE=1";
				INFOPLIST_FILE = macOS/Info.plist;
				LD_RUNPATH_SEARCH_PATHS = (
					"$(inherited)",
					"@executable_path/../Frameworks",
				);
				PRODUCT_BUNDLE_IDENTIFIER = com.darwindev.SwiftBonjour.Service;
				PRODUCT_NAME = SwiftBonjourExampleService;
				SDKROOT = macosx;
				SWIFT_ACTIVE_COMPILATION_CONDITIONS = SERVICE;
				SWIFT_VERSION = 5.0;
				TARGETED_DEVICE_FAMILY = 6;
			};
			name = Release;
		};
		CC51DFEF2654DFA1004251E3 /* Debug */ = {
			isa = XCBuildConfiguration;
			buildSettings = {
				ASSETCATALOG_COMPILER_APPICON_NAME = AppIcon;
				ASSETCATALOG_COMPILER_GLOBAL_ACCENT_COLOR_NAME = AccentColor;
				CODE_SIGN_STYLE = Automatic;
				DEVELOPMENT_TEAM = GXZ23M5TP2;
				ENABLE_PREVIEWS = YES;
				INFOPLIST_FILE = iOS/Info.plist;
				LD_RUNPATH_SEARCH_PATHS = (
					"$(inherited)",
					"@executable_path/Frameworks",
				);
				PRODUCT_BUNDLE_IDENTIFIER = com.darwindev.SwiftBonjour.Browser;
				PRODUCT_NAME = SwiftBonjourExampleBrowser;
				SDKROOT = iphoneos;
				SWIFT_VERSION = 5.0;
				TARGETED_DEVICE_FAMILY = "1,2";
			};
			name = Debug;
		};
		CC51DFF02654DFA1004251E3 /* Release */ = {
			isa = XCBuildConfiguration;
			buildSettings = {
				ASSETCATALOG_COMPILER_APPICON_NAME = AppIcon;
				ASSETCATALOG_COMPILER_GLOBAL_ACCENT_COLOR_NAME = AccentColor;
				CODE_SIGN_STYLE = Automatic;
				DEVELOPMENT_TEAM = GXZ23M5TP2;
				ENABLE_PREVIEWS = YES;
				INFOPLIST_FILE = iOS/Info.plist;
				LD_RUNPATH_SEARCH_PATHS = (
					"$(inherited)",
					"@executable_path/Frameworks",
				);
				PRODUCT_BUNDLE_IDENTIFIER = com.darwindev.SwiftBonjour.Browser;
				PRODUCT_NAME = SwiftBonjourExampleBrowser;
				SDKROOT = iphoneos;
				SWIFT_VERSION = 5.0;
				TARGETED_DEVICE_FAMILY = "1,2";
				VALIDATE_PRODUCT = YES;
			};
			name = Release;
		};
		CC51E0032654DFAB004251E3 /* Debug */ = {
			isa = XCBuildConfiguration;
			buildSettings = {
				ASSETCATALOG_COMPILER_APPICON_NAME = AppIcon;
				ASSETCATALOG_COMPILER_GLOBAL_ACCENT_COLOR_NAME = AccentColor;
				CODE_SIGN_ENTITLEMENTS = macOS/macOS.entitlements;
				CODE_SIGN_STYLE = Automatic;
				COMBINE_HIDPI_IMAGES = YES;
				DEVELOPMENT_TEAM = GXZ23M5TP2;
				ENABLE_HARDENED_RUNTIME = YES;
				ENABLE_PREVIEWS = YES;
				INFOPLIST_FILE = macOS/Info.plist;
				LD_RUNPATH_SEARCH_PATHS = (
					"$(inherited)",
					"@executable_path/../Frameworks",
				);
				PRODUCT_BUNDLE_IDENTIFIER = com.darwindev.SwiftBonjour.Browser;
				PRODUCT_NAME = SwiftBonjourExampleBrowser;
				SDKROOT = macosx;
				SWIFT_VERSION = 5.0;
				TARGETED_DEVICE_FAMILY = 6;
			};
			name = Debug;
		};
		CC51E0042654DFAB004251E3 /* Release */ = {
			isa = XCBuildConfiguration;
			buildSettings = {
				ASSETCATALOG_COMPILER_APPICON_NAME = AppIcon;
				ASSETCATALOG_COMPILER_GLOBAL_ACCENT_COLOR_NAME = AccentColor;
				CODE_SIGN_ENTITLEMENTS = macOS/macOS.entitlements;
				CODE_SIGN_STYLE = Automatic;
				COMBINE_HIDPI_IMAGES = YES;
				DEVELOPMENT_TEAM = GXZ23M5TP2;
				ENABLE_HARDENED_RUNTIME = YES;
				ENABLE_PREVIEWS = YES;
				INFOPLIST_FILE = macOS/Info.plist;
				LD_RUNPATH_SEARCH_PATHS = (
					"$(inherited)",
					"@executable_path/../Frameworks",
				);
				PRODUCT_BUNDLE_IDENTIFIER = com.darwindev.SwiftBonjour.Browser;
				PRODUCT_NAME = SwiftBonjourExampleBrowser;
				SDKROOT = macosx;
				SWIFT_VERSION = 5.0;
				TARGETED_DEVICE_FAMILY = 6;
			};
			name = Release;
		};
/* End XCBuildConfiguration section */

/* Begin XCConfigurationList section */
		CC0FC882265404CD00D8BD73 /* Build configuration list for PBXProject "SwiftBonjourExample" */ = {
			isa = XCConfigurationList;
			buildConfigurations = (
				CC0FC8B3265404D000D8BD73 /* Debug */,
				CC0FC8B4265404D000D8BD73 /* Release */,
			);
			defaultConfigurationIsVisible = 0;
			defaultConfigurationName = Release;
		};
		CC0FC8B5265404D000D8BD73 /* Build configuration list for PBXNativeTarget "SwiftBonjourExample Service (iOS)" */ = {
			isa = XCConfigurationList;
			buildConfigurations = (
				CC0FC8B6265404D000D8BD73 /* Debug */,
				CC0FC8B7265404D000D8BD73 /* Release */,
			);
			defaultConfigurationIsVisible = 0;
			defaultConfigurationName = Release;
		};
		CC0FC8B8265404D000D8BD73 /* Build configuration list for PBXNativeTarget "SwiftBonjourExample Service (macOS)" */ = {
			isa = XCConfigurationList;
			buildConfigurations = (
				CC0FC8B9265404D000D8BD73 /* Debug */,
				CC0FC8BA265404D000D8BD73 /* Release */,
			);
			defaultConfigurationIsVisible = 0;
			defaultConfigurationName = Release;
		};
		CC51DFEE2654DFA1004251E3 /* Build configuration list for PBXNativeTarget "SwiftBonjourExample Browser (iOS)" */ = {
			isa = XCConfigurationList;
			buildConfigurations = (
				CC51DFEF2654DFA1004251E3 /* Debug */,
				CC51DFF02654DFA1004251E3 /* Release */,
			);
			defaultConfigurationIsVisible = 0;
			defaultConfigurationName = Release;
		};
		CC51E0022654DFAB004251E3 /* Build configuration list for PBXNativeTarget "SwiftBonjourExample Browser (macOS)" */ = {
			isa = XCConfigurationList;
			buildConfigurations = (
				CC51E0032654DFAB004251E3 /* Debug */,
				CC51E0042654DFAB004251E3 /* Release */,
			);
			defaultConfigurationIsVisible = 0;
			defaultConfigurationName = Release;
		};
/* End XCConfigurationList section */

/* Begin XCSwiftPackageProductDependency section */
		CC1F9F792654FD7A008EF157 /* SwiftBonjour */ = {
			isa = XCSwiftPackageProductDependency;
			productName = SwiftBonjour;
		};
		CC1F9F7B2654FD7E008EF157 /* SwiftBonjour */ = {
			isa = XCSwiftPackageProductDependency;
			productName = SwiftBonjour;
		};
		CC1F9F7D2654FD83008EF157 /* SwiftBonjour */ = {
			isa = XCSwiftPackageProductDependency;
			productName = SwiftBonjour;
		};
		CC1F9F7F2654FD86008EF157 /* SwiftBonjour */ = {
			isa = XCSwiftPackageProductDependency;
			productName = SwiftBonjour;
		};
/* End XCSwiftPackageProductDependency section */
	};
	rootObject = CC0FC87F265404CD00D8BD73 /* Project object */;
}
